<?xml version="1.0" encoding="utf-8"?>
<Project ToolsVersion="4.0" xmlns="http://schemas.microsoft.com/developer/msbuild/2003">
  <ItemGroup>
    <Filter Include="源文件">
      <UniqueIdentifier>{4FC737F1-C7A5-4376-A066-2A32D752A2FF}</UniqueIdentifier>
      <Extensions>cpp;c;cc;cxx;c++;cppm;ixx;def;odl;idl;hpj;bat;asm;asmx</Extensions>
    </Filter>
    <Filter Include="头文件">
      <UniqueIdentifier>{93995380-89BD-4b04-88EB-625FBE52EBFB}</UniqueIdentifier>
      <Extensions>h;hh;hpp;hxx;h++;hm;inl;inc;ipp;xsd</Extensions>
    </Filter>
    <Filter Include="资源文件">
      <UniqueIdentifier>{67DA6AB6-F800-4c08-8B7A-83BB121AAD01}</UniqueIdentifier>
      <Extensions>rc;ico;cur;bmp;dlg;rc2;rct;bin;rgs;gif;jpg;jpeg;jpe;resx;tiff;tif;png;wav;mfcribbon-ms</Extensions>
    </Filter>
    <Filter Include="头文件\MouseFx">
      <UniqueIdentifier>{C964B3C6-4F49-4F23-9A75-4B9EC6E49A93}</UniqueIdentifier>
    </Filter>
    <Filter Include="源文件\MouseFx">
      <UniqueIdentifier>{E7EE45A7-94C9-4B1C-97B1-63AB0E7DA8DE}</UniqueIdentifier>
    </Filter>
    <Filter Include="Header Files\MouseFx\Core\Shell">
      <UniqueIdentifier>{E3F5D0DF-96FC-4E67-8A95-93288A01055A}</UniqueIdentifier>
    </Filter>
    <Filter Include="头文件\Platform">
      <UniqueIdentifier>{C4F6C98E-4F1A-4F04-8CD8-0B445D7DCE7F}</UniqueIdentifier>
    </Filter>
    <Filter Include="源文件\Platform">
      <UniqueIdentifier>{58D07EEA-2199-421D-94AE-918063F2E32E}</UniqueIdentifier>
    </Filter>
  </ItemGroup>
  <ItemGroup>
    <ClInclude Include="MFCMouseEffect.h">
      <Filter>头文件</Filter>
    </ClInclude>
    <ClInclude Include="framework.h">
      <Filter>头文件</Filter>
    </ClInclude>
    <ClInclude Include="Platform\windows\Common\Win32Base.h">
      <Filter>头文件\Platform</Filter>
    </ClInclude>
    <ClInclude Include="targetver.h">
      <Filter>头文件</Filter>
    </ClInclude>
    <ClInclude Include="Resource.h">
      <Filter>头文件</Filter>
    </ClInclude>
    <ClInclude Include="pch.h">
      <Filter>头文件</Filter>
    </ClInclude>
    <ClInclude Include="MouseFx\Core\Control\AppController.h">
      <Filter>头文件\MouseFx</Filter>
    </ClInclude>
    <ClInclude Include="MouseFx\Core\Shell\WebSettingsLaunchCoordinator.h">
      <Filter>头文件\MouseFx</Filter>
    </ClInclude>
    <ClInclude Include="MouseFx\Core\Control\AutomationDispatchFeature.h">
      <Filter>头文件\MouseFx</Filter>
    </ClInclude>
    <ClInclude Include="MouseFx\Core\Control\InputIndicatorDispatchFeature.h">
      <Filter>头文件\MouseFx</Filter>
    </ClInclude>
    <ClInclude Include="MouseFx\Core\Control\InputIndicatorWasmDispatchFeature.h">
      <Filter>头文件\MouseFx</Filter>
    </ClInclude>
    <ClInclude Include="MouseFx\Core\Control\IPetVisualHost.h">
      <Filter>头文件\MouseFx</Filter>
    </ClInclude>
    <ClInclude Include="MouseFx\Core\Control\PetVisualAssetCoordinator.h">
      <Filter>头文件\MouseFx</Filter>
    </ClInclude>
    <ClInclude Include="MouseFx\Core\Control\PetDispatchFeature.h">
      <Filter>头文件\MouseFx</Filter>
    </ClInclude>
    <ClInclude Include="MouseFx\Core\Control\MouseCompanionPluginHostPhase0.h">
      <Filter>头文件\MouseFx</Filter>
    </ClInclude>
    <ClInclude Include="MouseFx\Core\Wasm\WasmDynamicTextLabelScope.h">
      <Filter>头文件\MouseFx</Filter>
    </ClInclude>
    <ClInclude Include="MouseFx\Core\Control\WasmDispatchFeature.h">
      <Filter>头文件\MouseFx</Filter>
    </ClInclude>
    <ClInclude Include="MouseFx\Core\Diagnostics\TextEffectRuntimeDiagnostics.h">
      <Filter>头文件\MouseFx</Filter>
    </ClInclude>
    <ClInclude Include="MouseFx\Core\Control\IDispatchMessageHandler.h">
      <Filter>头文件\MouseFx</Filter>
    </ClInclude>
    <ClInclude Include="MouseFx\Core\Control\DispatchMessage.h">
      <Filter>头文件\MouseFx</Filter>
    </ClInclude>
    <ClInclude Include="MouseFx\Core\Control\IDispatchMessageCodec.h">
      <Filter>头文件\MouseFx</Filter>
    </ClInclude>
    <ClInclude Include="MouseFx\Core\Control\IDispatchMessageHost.h">
      <Filter>头文件\MouseFx</Filter>
    </ClInclude>
    <ClInclude Include="MouseFx\Core\Control\NullDispatchMessageCodec.h">
      <Filter>头文件\MouseFx</Filter>
    </ClInclude>
    <ClInclude Include="MouseFx\Core\Control\NullDispatchMessageHost.h">
      <Filter>头文件\MouseFx</Filter>
    </ClInclude>
    <ClInclude Include="MouseFx\Core\Automation\InputAutomationEngine.h">
      <Filter>头文件\MouseFx</Filter>
    </ClInclude>
    <ClInclude Include="MouseFx\Core\Automation\KeyChord.h">
      <Filter>头文件\MouseFx</Filter>
    </ClInclude>
    <ClInclude Include="MouseFx\Core\Automation\ShortcutCaptureSession.h">
      <Filter>头文件\MouseFx</Filter>
    </ClInclude>
    <ClInclude Include="MouseFx\Compute\EffectComputeExecutor.h">
      <Filter>头文件\MouseFx</Filter>
    </ClInclude>
    <ClInclude Include="MouseFx\Core\System\GdiPlusSession.h">
      <Filter>头文件\MouseFx</Filter>
    </ClInclude>
    <ClInclude Include="MouseFx\Core\System\CursorPositionProvider.h">
      <Filter>头文件\MouseFx</Filter>
    </ClInclude>
    <ClInclude Include="MouseFx\Core\System\ICursorPositionService.h">
      <Filter>头文件\MouseFx</Filter>
    </ClInclude>
    <ClInclude Include="MouseFx\Core\System\IMonotonicClockService.h">
      <Filter>头文件\MouseFx</Filter>
    </ClInclude>
    <ClInclude Include="MouseFx\Core\System\IForegroundProcessService.h">
      <Filter>头文件\MouseFx</Filter>
    </ClInclude>
    <ClInclude Include="MouseFx\Core\System\IForegroundSuppressionService.h">
      <Filter>头文件\MouseFx</Filter>
    </ClInclude>
    <ClInclude Include="MouseFx\Core\System\IGlobalMouseHook.h">
      <Filter>头文件\MouseFx</Filter>
    </ClInclude>
    <ClInclude Include="MouseFx\Core\System\IKeyboardInjector.h">
      <Filter>头文件\MouseFx</Filter>
    </ClInclude>
    <ClInclude Include="MouseFx\Core\System\NullCursorPositionService.h">
      <Filter>头文件\MouseFx</Filter>
    </ClInclude>
    <ClInclude Include="MouseFx\Core\System\NullForegroundProcessService.h">
      <Filter>头文件\MouseFx</Filter>
    </ClInclude>
    <ClInclude Include="MouseFx\Core\System\NullForegroundSuppressionService.h">
      <Filter>头文件\MouseFx</Filter>
    </ClInclude>
    <ClInclude Include="MouseFx\Core\System\NullGlobalMouseHook.h">
      <Filter>头文件\MouseFx</Filter>
    </ClInclude>
    <ClInclude Include="MouseFx\Core\System\NullKeyboardInjector.h">
      <Filter>头文件\MouseFx</Filter>
    </ClInclude>
    <ClInclude Include="MouseFx\Core\System\StdMonotonicClockService.h">
      <Filter>头文件\MouseFx</Filter>
    </ClInclude>
    <ClInclude Include="MouseFx\Core\Overlay\OverlayHostService.h">
      <Filter>头文件\MouseFx</Filter>
    </ClInclude>
    <ClInclude Include="MouseFx\Core\Overlay\OverlayCoordSpace.h">
      <Filter>头文件\MouseFx</Filter>
    </ClInclude>
    <ClInclude Include="MouseFx\Core\Overlay\IOverlayCoordSpaceService.h">
      <Filter>头文件\MouseFx</Filter>
    </ClInclude>
    <ClInclude Include="MouseFx\Core\Overlay\NullOverlayCoordSpaceService.h">
      <Filter>头文件\MouseFx</Filter>
    </ClInclude>
    <ClInclude Include="MouseFx\Core\Overlay\IOverlayHostBackend.h">
      <Filter>头文件\MouseFx</Filter>
    </ClInclude>
    <ClInclude Include="Platform\PlatformApplicationCatalog.h">
      <Filter>头文件\Platform</Filter>
    </ClInclude>
    <ClInclude Include="Platform\PlatformNativeFolderPicker.h">
      <Filter>头文件\Platform</Filter>
    </ClInclude>
    <ClInclude Include="Platform\PlatformDisplayTopology.h">
      <Filter>头文件\Platform</Filter>
    </ClInclude>
    <ClInclude Include="MouseFx\Core\Protocol\MouseFxMessages.h">
      <Filter>头文件\MouseFx</Filter>
    </ClInclude>
    <ClInclude Include="MouseFx\Core\Protocol\VirtualKeyCodes.h">
      <Filter>头文件\MouseFx</Filter>
    </ClInclude>
    <ClInclude Include="MouseFx\Core\Json\JsonFacade.h">
      <Filter>头文件\MouseFx</Filter>
    </ClInclude>
    <ClInclude Include="MouseFx\Server\http\HttpServer.h">
      <Filter>头文件\MouseFx</Filter>
    </ClInclude>
    <ClInclude Include="MouseFx\Server\webui\WebUiAssets.h">
      <Filter>头文件\MouseFx</Filter>
    </ClInclude>
    <ClInclude Include="MouseFx\Server\core\WebSettingsServer.h">
      <Filter>头文件\MouseFx</Filter>
    </ClInclude>
    <ClInclude Include="MouseFx\Server\settings\SettingsSchemaBuilder.h">
      <Filter>头文件\MouseFx</Filter>
    </ClInclude>
    <ClInclude Include="MouseFx\Server\diagnostics\MouseCompanionRendererBackendDiagnostics.h">
      <Filter>头文件\MouseFx</Filter>
    </ClInclude>
    <ClInclude Include="MouseFx\Server\settings\SettingsStateMapper.h">
      <Filter>头文件\MouseFx</Filter>
    </ClInclude>
    <ClInclude Include="MouseFx\Styles\RippleStyle.h">
      <Filter>头文件\MouseFx</Filter>
    </ClInclude>
    <ClInclude Include="MouseFx\Styles\ThemeCatalogLoader.h">
      <Filter>头文件\MouseFx</Filter>
    </ClInclude>
    <ClInclude Include="MouseFx\Styles\ThemeStyle.h">
      <Filter>头文件\MouseFx</Filter>
    </ClInclude>
    <ClInclude Include="MouseFx\Interfaces\IOverlayLayer.h">
      <Filter>头文件\MouseFx</Filter>
    </ClInclude>
    <ClInclude Include="MouseFx\Layers\TrailOverlayLayer.h">
      <Filter>头文件\MouseFx</Filter>
    </ClInclude>
    <ClInclude Include="MouseFx\Layers\ParticleTrailOverlayLayer.h">
      <Filter>头文件\MouseFx</Filter>
    </ClInclude>
    <ClInclude Include="MouseFx\Layers\RippleOverlayLayer.h">
      <Filter>头文件\MouseFx</Filter>
    </ClInclude>
    <ClInclude Include="MouseFx\Layers\TextOverlayLayer.h">
      <Filter>头文件\MouseFx</Filter>
    </ClInclude>
    <ClInclude Include="Platform\windows\Shell\Tray\Win32TrayHostWindow.h">
      <Filter>头文件\Platform</Filter>
    </ClInclude>
    <ClInclude Include="Platform\windows\Shell\Tray\Win32TrayMenuBuilder.h">
      <Filter>头文件\Platform</Filter>
    </ClInclude>
    <ClInclude Include="Platform\windows\Shell\Tray\Win32TrayMenuCommands.h">
      <Filter>头文件\Platform</Filter>
    </ClInclude>
    <ClInclude Include="Settings\SettingsOptions.h">
      <Filter>头文件</Filter>
    </ClInclude>
    <ClInclude Include="MouseFx\Core\Overlay\IInputIndicatorOverlay.h">
      <Filter>头文件\MouseFx</Filter>
    </ClInclude>
    <ClInclude Include="MouseFx\Core\Overlay\InputIndicatorKeyFilter.h">
      <Filter>头文件\MouseFx</Filter>
    </ClInclude>
    <ClInclude Include="MouseFx\Core\Overlay\InputIndicatorLabelFormatter.h">
      <Filter>头文件\MouseFx</Filter>
    </ClInclude>
    <ClInclude Include="MouseFx\Core\Overlay\InputIndicatorPositionResolver.h">
      <Filter>头文件\MouseFx</Filter>
    </ClInclude>
    <ClInclude Include="MouseFx\Core\Overlay\NullInputIndicatorOverlay.h">
      <Filter>头文件\MouseFx</Filter>
    </ClInclude>
    <ClInclude Include="MouseFx\Renderers\Indicator\IndicatorRenderer.h">
      <Filter>头文件\MouseFx</Filter>
    </ClInclude>
    <ClInclude Include="MouseFx\Renderers\Hold\Presentation\IQuantumHaloPresenterBackend.h">
      <Filter>头文件\MouseFx</Filter>
    </ClInclude>
    <ClInclude Include="MouseFx\Renderers\Hold\Presentation\QuantumHaloPresenterBackendRegistry.h">
      <Filter>头文件\MouseFx</Filter>
    </ClInclude>
    <ClInclude Include="MouseFx\Renderers\Hold\Presentation\QuantumHaloPresenterHost.h">
      <Filter>头文件\MouseFx</Filter>
    </ClInclude>
    <ClInclude Include="Platform\windows\Renderers\Hold\Presentation\QuantumHaloDCompPresenterBackend.h">
      <Filter>头文件\Platform</Filter>
    </ClInclude>
    <ClInclude Include="MouseFx\Renderers\Hold\Presentation\QuantumHaloPresenterSelection.h">
      <Filter>头文件\MouseFx</Filter>
    </ClInclude>
    <ClInclude Include="MouseFx\Effects\HoldRouteCatalog.h">
      <Filter>头文件\MouseFx</Filter>
    </ClInclude>
    <ClInclude Include="MouseFx\Core\Config\EffectConfigJsonKeys.Automation.h">
      <Filter>头文件\MouseFx</Filter>
    </ClInclude>
    <ClInclude Include="MouseFx\Core\Config\EffectConfigJsonKeys.Wasm.h">
      <Filter>头文件\MouseFx</Filter>
    </ClInclude>
    <ClInclude Include="MouseFx\Core\Input\GestureRecognizer.h">
      <Filter>头文件\MouseFx</Filter>
    </ClInclude>
    <ClInclude Include="MouseFx\Core\Input\GestureSimilarity.h">
      <Filter>头文件\MouseFx</Filter>
    </ClInclude>
    <ClInclude Include="MouseFx\Core\Wasm\WasmPluginAbi.h">
      <Filter>头文件\MouseFx</Filter>
    </ClInclude>
    <ClInclude Include="MouseFx\Core\Wasm\WasmBinaryCodec.h">
      <Filter>头文件\MouseFx</Filter>
    </ClInclude>
    <ClInclude Include="MouseFx\Core\Wasm\WasmCommandBufferParser.h">
      <Filter>头文件\MouseFx</Filter>
    </ClInclude>
    <ClInclude Include="MouseFx\Core\Wasm\WasmExecutionBudgetGuard.h">
      <Filter>头文件\MouseFx</Filter>
    </ClInclude>
    <ClInclude Include="MouseFx\Core\Wasm\WasmRuntime.h">
      <Filter>头文件\MouseFx</Filter>
    </ClInclude>
    <ClInclude Include="MouseFx\Core\Wasm\WasmPluginManifest.h">
      <Filter>头文件\MouseFx</Filter>
    </ClInclude>
    <ClInclude Include="MouseFx\Core\Wasm\WasmPluginPaths.h">
      <Filter>头文件\MouseFx</Filter>
    </ClInclude>
    <ClInclude Include="MouseFx\Core\Wasm\WasmPluginCatalog.h">
      <Filter>头文件\MouseFx</Filter>
    </ClInclude>
    <ClInclude Include="MouseFx\Core\Wasm\WasmPluginTransferService.h">
      <Filter>头文件\MouseFx</Filter>
    </ClInclude>
    <ClInclude Include="MouseFx\Core\Wasm\WasmPluginImageAssetCatalog.h">
      <Filter>头文件\MouseFx</Filter>
    </ClInclude>
    <ClInclude Include="Platform\windows\Wasm\Win32DllWasmRuntime.h">
      <Filter>头文件\Platform</Filter>
    </ClInclude>
    <ClInclude Include="MouseFx\Core\Wasm\NullWasmRuntime.h">
      <Filter>头文件\MouseFx</Filter>
    </ClInclude>
    <ClInclude Include="MouseFx\Core\Wasm\Wasm3Runtime.h">
      <Filter>头文件\MouseFx</Filter>
    </ClInclude>
    <ClInclude Include="MouseFx\Core\Wasm\Wasm3Runtime.Internal.h">
      <Filter>头文件\MouseFx</Filter>
    </ClInclude>
    <ClInclude Include="MouseFx\Core\Wasm\WasmRuntimeFactory.h">
      <Filter>头文件\MouseFx</Filter>
    </ClInclude>
    <ClInclude Include="MouseFx\Core\Wasm\WasmEffectHost.h">
      <Filter>头文件\MouseFx</Filter>
    </ClInclude>
    <ClInclude Include="MouseFx\Core\Wasm\WasmEventInvokeExecutor.h">
      <Filter>头文件\MouseFx</Filter>
    </ClInclude>
    <ClInclude Include="MouseFx\Core\Wasm\WasmCommandExecutionResult.h">
      <Filter>头文件\MouseFx</Filter>
    </ClInclude>
    <ClInclude Include="MouseFx\Core\Wasm\WasmCommandRenderer.h">
      <Filter>头文件\MouseFx</Filter>
    </ClInclude>
    <ClInclude Include="MouseFx\Core\Wasm\WasmClickCommandExecutor.h">
      <Filter>头文件\MouseFx</Filter>
    </ClInclude>
    <ClInclude Include="MouseFx\Core\Wasm\WasmPathCommandGeometry.h">
      <Filter>头文件\MouseFx</Filter>
    </ClInclude>
    <ClInclude Include="MouseFx\Core\Wasm\WasmPathFillCommandConfig.h">
      <Filter>头文件\MouseFx</Filter>
    </ClInclude>
    <ClInclude Include="MouseFx\Core\Wasm\WasmPathFillCommandExecutor.h">
      <Filter>头文件\MouseFx</Filter>
    </ClInclude>
    <ClInclude Include="MouseFx\Core\Wasm\WasmRibbonStripCommandConfig.h">
      <Filter>头文件\MouseFx</Filter>
    </ClInclude>
    <ClInclude Include="MouseFx\Core\Wasm\WasmRibbonStripCommandExecutor.h">
      <Filter>头文件\MouseFx</Filter>
    </ClInclude>
    <ClInclude Include="MouseFx\Core\Wasm\WasmRibbonPathFillResolver.h">
      <Filter>头文件\MouseFx</Filter>
    </ClInclude>
    <ClInclude Include="MouseFx\Core\Wasm\WasmQuadFieldCommandConfig.h">
      <Filter>头文件\MouseFx</Filter>
    </ClInclude>
    <ClInclude Include="MouseFx\Core\Wasm\WasmRibbonTrailCommandConfig.h">
      <Filter>头文件\MouseFx</Filter>
    </ClInclude>
    <ClInclude Include="MouseFx\Core\Wasm\WasmPathGraphicsPath.h">
      <Filter>头文件\MouseFx</Filter>
    </ClInclude>
    <ClInclude Include="MouseFx\Core\Wasm\WasmRetainedRibbonTrailRuntime.h">
      <Filter>头文件\MouseFx</Filter>
    </ClInclude>
    <ClInclude Include="MouseFx\Core\Wasm\WasmRetainedQuadFieldRuntime.h">
      <Filter>头文件\MouseFx</Filter>
    </ClInclude>
    <ClInclude Include="MouseFx\Core\Wasm\WasmRetainedSpriteEmitterRuntime.h">
      <Filter>头文件\MouseFx</Filter>
    </ClInclude>
    <ClInclude Include="MouseFx\Core\Wasm\WasmSpriteBatchRenderShared.h">
      <Filter>头文件\MouseFx</Filter>
    </ClInclude>
    <ClInclude Include="MouseFx\Core\Wasm\WasmSpriteEmitterCommandConfig.h">
      <Filter>头文件\MouseFx</Filter>
    </ClInclude>
    <ClInclude Include="MouseFx\Core\Wasm\WasmPathStrokeCommandConfig.h">
      <Filter>头文件\MouseFx</Filter>
    </ClInclude>
    <ClInclude Include="MouseFx\Core\Wasm\WasmPathStrokeCommandExecutor.h">
      <Filter>头文件\MouseFx</Filter>
    </ClInclude>
    <ClInclude Include="MouseFx\Core\Wasm\WasmRenderResourceResolver.h">
      <Filter>头文件\MouseFx</Filter>
    </ClInclude>
    <ClInclude Include="MouseFx\Core\Wasm\WasmImageFileRenderer.h">
      <Filter>头文件\MouseFx</Filter>
    </ClInclude>
    <ClInclude Include="MouseFx\Core\Shell\IAppShellHost.h">
      <Filter>Header Files\MouseFx\Core\Shell</Filter>
    </ClInclude>
    <ClInclude Include="MouseFx\Core\Shell\AppShellCore.h">
      <Filter>Header Files\MouseFx\Core\Shell</Filter>
    </ClInclude>
    <ClInclude Include="Platform\windows\Shell\Win32AppShell.h">
      <Filter>头文件\Platform</Filter>
    </ClInclude>
    <ClInclude Include="MouseFx\Core\Shell\ITrayService.h">
      <Filter>Header Files\MouseFx\Core\Shell</Filter>
    </ClInclude>
    <ClInclude Include="MouseFx\Core\Shell\IEventLoopService.h">
      <Filter>Header Files\MouseFx\Core\Shell</Filter>
    </ClInclude>
    <ClInclude Include="MouseFx\Core\Shell\ISettingsLauncher.h">
      <Filter>Header Files\MouseFx\Core\Shell</Filter>
    </ClInclude>
    <ClInclude Include="MouseFx\Core\Shell\IUserNotificationService.h">
      <Filter>Header Files\MouseFx\Core\Shell</Filter>
    </ClInclude>
    <ClInclude Include="MouseFx\Core\Shell\ISingleInstanceGuard.h">
      <Filter>Header Files\MouseFx\Core\Shell</Filter>
    </ClInclude>
    <ClInclude Include="MouseFx\Core\Shell\IDpiAwarenessService.h">
      <Filter>Header Files\MouseFx\Core\Shell</Filter>
    </ClInclude>
    <ClInclude Include="MouseFx\Core\Shell\ShellPlatformServices.h">
      <Filter>Header Files\MouseFx\Core\Shell</Filter>
    </ClInclude>
    <ClInclude Include="MouseFx\Core\Shell\AppShellStartOptions.h">
      <Filter>Header Files\MouseFx\Core\Shell</Filter>
    </ClInclude>
    <ClInclude Include="Platform\PlatformOverlayCoordSpaceFactory.h">
      <Filter>头文件\Platform</Filter>
    </ClInclude>
    <ClInclude Include="Platform\PlatformControlMessageCodecFactory.h">
      <Filter>头文件\Platform</Filter>
    </ClInclude>
    <ClInclude Include="Platform\PlatformControlServicesFactory.h">
      <Filter>头文件\Platform</Filter>
    </ClInclude>
    <ClInclude Include="Platform\PlatformInputServicesFactory.h">
      <Filter>头文件\Platform</Filter>
    </ClInclude>
    <ClInclude Include="Platform\PlatformOverlayServicesFactory.h">
      <Filter>头文件\Platform</Filter>
    </ClInclude>
    <ClInclude Include="Platform\PlatformSystemServicesFactory.h">
      <Filter>头文件\Platform</Filter>
    </ClInclude>
    <ClInclude Include="Platform\PlatformShellServicesFactory.h">
      <Filter>头文件\Platform</Filter>
    </ClInclude>
    <ClInclude Include="Platform\IPlatformAppShell.h">
      <Filter>头文件\Platform</Filter>
    </ClInclude>
    <ClInclude Include="Platform\PlatformAppShellFactory.h">
      <Filter>头文件\Platform</Filter>
    </ClInclude>
    <ClInclude Include="Platform\PlatformEntryArgs.h">
      <Filter>头文件\Platform</Filter>
    </ClInclude>
    <ClInclude Include="Platform\PlatformEntryRunner.h">
      <Filter>头文件\Platform</Filter>
    </ClInclude>
    <ClInclude Include="Platform\PlatformTarget.h">
      <Filter>头文件\Platform</Filter>
    </ClInclude>
    <ClInclude Include="Platform\PlatformLaunchAtStartup.h">
      <Filter>头文件\Platform</Filter>
    </ClInclude>
    <ClInclude Include="Platform\PlatformPetVisualHost.h">
      <Filter>头文件\Platform</Filter>
    </ClInclude>
    <ClInclude Include="Platform\windows\Pet\Win32MouseCompanionVisualHost.h">
      <Filter>头文件\Platform</Filter>
    </ClInclude>
    <ClInclude Include="Platform\windows\Pet\Win32MouseCompanionActionLibrary.h">
      <Filter>头文件\Platform</Filter>
    </ClInclude>
    <ClInclude Include="Platform\windows\Pet\Win32MouseCompanionActionRuntime.h">
      <Filter>头文件\Platform</Filter>
    </ClInclude>
    <ClInclude Include="Platform\windows\Pet\Win32MouseCompanionAppearanceProfile.h">
      <Filter>头文件\Platform</Filter>
    </ClInclude>
    <ClInclude Include="Platform\windows\Pet\IWin32MouseCompanionRendererBackend.h">
      <Filter>头文件\Platform</Filter>
    </ClInclude>
    <ClInclude Include="Platform\windows\Pet\Win32MouseCompanionPresenter.h">
      <Filter>头文件\Platform</Filter>
    </ClInclude>
    <ClInclude Include="Platform\windows\Pet\Win32MouseCompanionRendererBackendFactory.h">
      <Filter>头文件\Platform</Filter>
    </ClInclude>
    <ClInclude Include="Platform\windows\Pet\Win32MouseCompanionRendererBackendPreference.h">
      <Filter>头文件\Platform</Filter>
    </ClInclude>
    <ClInclude Include="Platform\windows\Pet\Win32MouseCompanionRealRendererActionOverlayBuilder.h">
      <Filter>头文件\Platform</Filter>
    </ClInclude>
    <ClInclude Include="Platform\windows\Pet\Win32MouseCompanionRealRendererAdornmentBuilder.h">
      <Filter>头文件\Platform</Filter>
    </ClInclude>
    <ClInclude Include="Platform\windows\Pet\Win32MouseCompanionRealRendererAppendageBuilder.h">
      <Filter>头文件\Platform</Filter>
    </ClInclude>
    <ClInclude Include="Platform\windows\Pet\Win32MouseCompanionRealRendererAssetResources.h">
      <Filter>头文件\Platform</Filter>
    </ClInclude>
    <ClInclude Include="Platform\windows\Pet\Win32MouseCompanionRealRendererCapabilities.h">
      <Filter>头文件\Platform</Filter>
    </ClInclude>
    <ClInclude Include="Platform\windows\Pet\Win32MouseCompanionRealRendererBackend.h">
      <Filter>头文件\Platform</Filter>
    </ClInclude>
    <ClInclude Include="Platform\windows\Pet\Win32MouseCompanionRealRendererAppearanceSemantics.h">
      <Filter>头文件\Platform</Filter>
    </ClInclude>
    <ClInclude Include="Platform\windows\Pet\Win32MouseCompanionRenderPluginContractLabels.h">
      <Filter>头文件\Platform</Filter>
    </ClInclude>
    <ClInclude Include="Platform\windows\Pet\Win32MouseCompanionRenderPluginManifestContract.h">
      <Filter>头文件\Platform</Filter>
    </ClInclude>
    <ClInclude Include="Platform\windows\Pet\Win32MouseCompanionRenderPluginHost.h">
      <Filter>头文件\Platform</Filter>
    </ClInclude>
    <ClInclude Include="Platform\windows\Pet\Win32MouseCompanionRealRendererFaceBuilder.h">
      <Filter>头文件\Platform</Filter>
    </ClInclude>
    <ClInclude Include="Platform\windows\Pet\Win32MouseCompanionRealRendererFrameBuilder.h">
      <Filter>头文件\Platform</Filter>
    </ClInclude>
    <ClInclude Include="Platform\windows\Pet\Win32MouseCompanionRealRendererLayoutMetrics.h">
      <Filter>头文件\Platform</Filter>
    </ClInclude>
    <ClInclude Include="Platform\windows\Pet\Win32MouseCompanionRealRendererMotionProfile.h">
      <Filter>头文件\Platform</Filter>
    </ClInclude>
    <ClInclude Include="Platform\windows\Pet\Win32MouseCompanionRealRendererModelSceneAdapterProfile.h">
      <Filter>头文件\Platform</Filter>
    </ClInclude>
    <ClInclude Include="Platform\windows\Pet\Win32MouseCompanionRealRendererModelNodeAdapterProfile.h">
      <Filter>头文件\Platform</Filter>
    </ClInclude>
    <ClInclude Include="Platform\windows\Pet\Win32MouseCompanionRealRendererModelNodeBindingProfile.h">
      <Filter>头文件\Platform</Filter>
    </ClInclude>
    <ClInclude Include="Platform\windows\Pet\Win32MouseCompanionRealRendererAssetNodeBindingProfile.h">
      <Filter>头文件\Platform</Filter>
    </ClInclude>
    <ClInclude Include="Platform\windows\Pet\Win32MouseCompanionRealRendererAssetNodeAnchorProfile.h">
      <Filter>头文件\Platform</Filter>
    </ClInclude>
    <ClInclude Include="Platform\windows\Pet\Win32MouseCompanionRealRendererAssetNodeParentSpaceProfile.h">
      <Filter>头文件\Platform</Filter>
    </ClInclude>
    <ClInclude Include="Platform\windows\Pet\Win32MouseCompanionRealRendererAssetNodeResolverProfile.h">
      <Filter>头文件\Platform</Filter>
    </ClInclude>
    <ClInclude Include="Platform\windows\Pet\Win32MouseCompanionRealRendererAssetNodeTargetProfile.h">
      <Filter>头文件\Platform</Filter>
    </ClInclude>
    <ClInclude Include="Platform\windows\Pet\Win32MouseCompanionRealRendererAssetNodeTargetResolverProfile.h">
      <Filter>头文件\Platform</Filter>
    </ClInclude>
    <ClInclude Include="Platform\windows\Pet\Win32MouseCompanionRealRendererAssetNodePoseProfile.h">
      <Filter>头文件\Platform</Filter>
    </ClInclude>
    <ClInclude Include="Platform\windows\Pet\Win32MouseCompanionRealRendererAssetNodePoseResolverProfile.h">
      <Filter>头文件\Platform</Filter>
    </ClInclude>
    <ClInclude Include="Platform\windows\Pet\Win32MouseCompanionRealRendererAssetNodePoseRegistryProfile.h">
      <Filter>头文件\Platform</Filter>
    </ClInclude>
    <ClInclude Include="Platform\windows\Pet\Win32MouseCompanionRealRendererAssetNodePoseChannelProfile.h">
      <Filter>头文件\Platform</Filter>
    </ClInclude>
    <ClInclude Include="Platform\windows\Pet\Win32MouseCompanionRealRendererAssetNodePoseConstraintProfile.h">
      <Filter>头文件\Platform</Filter>
    </ClInclude>
    <ClInclude Include="Platform\windows\Pet\Win32MouseCompanionRealRendererAssetNodePoseSolveProfile.h">
      <Filter>头文件\Platform</Filter>
    </ClInclude>
    <ClInclude Include="Platform\windows\Pet\Win32MouseCompanionRealRendererAssetNodeJointHintProfile.h">
      <Filter>头文件\Platform</Filter>
    </ClInclude>
    <ClInclude Include="Platform\windows\Pet\Win32MouseCompanionRealRendererAssetNodeArticulationProfile.h">
      <Filter>头文件\Platform</Filter>
    </ClInclude>
    <ClInclude Include="Platform\windows\Pet\Win32MouseCompanionRealRendererAssetNodeLocalJointRegistryProfile.h">
      <Filter>头文件\Platform</Filter>
    </ClInclude>
    <ClInclude Include="Platform\windows\Pet\Win32MouseCompanionRealRendererAssetNodeArticulationMapProfile.h">
      <Filter>头文件\Platform</Filter>
    </ClInclude>
    <ClInclude Include="Platform\windows\Pet\Win32MouseCompanionRealRendererAssetNodeControlRigHintProfile.h">
      <Filter>头文件\Platform</Filter>
    </ClInclude>
    <ClInclude Include="Platform\windows\Pet\Win32MouseCompanionRealRendererAssetNodeControlSurfaceProfile.h">
      <Filter>头文件\Platform</Filter>
    </ClInclude>
    <ClInclude Include="Platform\windows\Pet\Win32MouseCompanionRealRendererAssetNodeRigChannelProfile.h">
      <Filter>头文件\Platform</Filter>
    </ClInclude>
    <ClInclude Include="Platform\windows\Pet\Win32MouseCompanionRealRendererAssetNodeWorldSpaceProfile.h">
      <Filter>头文件\Platform</Filter>
    </ClInclude>
    <ClInclude Include="Platform\windows\Pet\Win32MouseCompanionRealRendererAssetNodeTransformProfile.h">
      <Filter>头文件\Platform</Filter>
    </ClInclude>
    <ClInclude Include="Platform\windows\Pet\Win32MouseCompanionRealRendererModelNodeSlotProfile.h">
      <Filter>头文件\Platform</Filter>
    </ClInclude>
    <ClInclude Include="Platform\windows\Pet\Win32MouseCompanionRealRendererModelNodeRegistryProfile.h">
      <Filter>头文件\Platform</Filter>
    </ClInclude>
    <ClInclude Include="Platform\windows\Pet\Win32MouseCompanionRealRendererModelNodeGraphProfile.h">
      <Filter>头文件\Platform</Filter>
    </ClInclude>
    <ClInclude Include="Platform\windows\Pet\Win32MouseCompanionRealRendererPaletteBuilder.h">
      <Filter>头文件\Platform</Filter>
    </ClInclude>
    <ClInclude Include="Platform\windows\Pet\Win32MouseCompanionRealRendererPaletteProfile.h">
      <Filter>头文件\Platform</Filter>
    </ClInclude>
    <ClInclude Include="Platform\windows\Pet\Win32MouseCompanionRealRendererPainter.h">
      <Filter>头文件\Platform</Filter>
    </ClInclude>
    <ClInclude Include="Platform\windows\Pet\Win32MouseCompanionRealRendererScene.h">
      <Filter>头文件\Platform</Filter>
    </ClInclude>
    <ClInclude Include="Platform\windows\Pet\Win32MouseCompanionRealRendererSceneBuilder.h">
      <Filter>头文件\Platform</Filter>
    </ClInclude>
    <ClInclude Include="Platform\windows\Pet\Win32MouseCompanionRealRendererStyleProfile.h">
      <Filter>头文件\Platform</Filter>
    </ClInclude>
    <ClInclude Include="Platform\windows\Pet\Win32MouseCompanionRealRendererSceneRuntime.h">
      <Filter>头文件\Platform</Filter>
    </ClInclude>
    <ClInclude Include="Platform\windows\Pet\Win32MouseCompanionRealRendererPoseAdapterProfile.h">
      <Filter>头文件\Platform</Filter>
    </ClInclude>
    <ClInclude Include="Platform\windows\Pet\Win32MouseCompanionRendererBackendPreferenceSources.h">
      <Filter>头文件\Platform</Filter>
    </ClInclude>
    <ClInclude Include="Platform\windows\Pet\Win32MouseCompanionRendererBackendPreferenceRequestBuilder.h">
      <Filter>头文件\Platform</Filter>
    </ClInclude>
    <ClInclude Include="Platform\windows\Pet\Win32MouseCompanionRendererBackendPreferenceRegistry.h">
      <Filter>头文件\Platform</Filter>
    </ClInclude>
    <ClInclude Include="Platform\windows\Pet\Win32MouseCompanionRendererBackendRegistry.h">
      <Filter>头文件\Platform</Filter>
    </ClInclude>
    <ClInclude Include="Platform\windows\Pet\Win32MouseCompanionRendererInput.h">
      <Filter>头文件\Platform</Filter>
    </ClInclude>
    <ClInclude Include="Platform\windows\Pet\Win32MouseCompanionRendererInputBuilder.h">
      <Filter>头文件\Platform</Filter>
    </ClInclude>
    <ClInclude Include="Platform\windows\Pet\Win32MouseCompanionRendererRuntime.h">
      <Filter>头文件\Platform</Filter>
    </ClInclude>
    <ClInclude Include="Platform\windows\Pet\Win32MouseCompanionPlaceholderPainter.h">
      <Filter>头文件\Platform</Filter>
    </ClInclude>
    <ClInclude Include="Platform\windows\Pet\Win32MouseCompanionWindow.h">
      <Filter>头文件\Platform</Filter>
    </ClInclude>
    <ClInclude Include="Platform\windows\Pet\Win32MouseCompanionPlaceholderRenderer.h">
      <Filter>头文件\Platform</Filter>
    </ClInclude>
    <ClInclude Include="Platform\windows\Pet\Win32MouseCompanionPlaceholderScene.h">
      <Filter>头文件\Platform</Filter>
    </ClInclude>
    <ClInclude Include="Platform\windows\Pet\Win32MouseCompanionPlaceholderSceneBuilder.h">
      <Filter>头文件\Platform</Filter>
    </ClInclude>
    <ClInclude Include="Platform\windows\Pet\Win32MouseCompanionPlaceholderActionProfile.h">
      <Filter>头文件\Platform</Filter>
    </ClInclude>
    <ClInclude Include="Platform\windows\Pet\Win32MouseCompanionPlaceholderAccessory.h">
      <Filter>头文件\Platform</Filter>
    </ClInclude>
    <ClInclude Include="Platform\windows\Pet\Win32MouseCompanionPlaceholderAdornment.h">
      <Filter>头文件\Platform</Filter>
    </ClInclude>
    <ClInclude Include="Platform\windows\Pet\Win32MouseCompanionPlaceholderGait.h">
      <Filter>头文件\Platform</Filter>
    </ClInclude>
    <ClInclude Include="Platform\windows\Pet\Win32MouseCompanionPlaceholderExpression.h">
      <Filter>头文件\Platform</Filter>
    </ClInclude>
    <ClInclude Include="Platform\windows\Pet\Win32MouseCompanionPlaceholderPalette.h">
      <Filter>头文件\Platform</Filter>
    </ClInclude>
    <ClInclude Include="Platform\windows\Pet\Win32MouseCompanionPlaceholderPosture.h">
      <Filter>头文件\Platform</Filter>
    </ClInclude>
    <ClInclude Include="Platform\windows\Pet\Win32MouseCompanionPlaceholderRhythm.h">
      <Filter>头文件\Platform</Filter>
    </ClInclude>
    <ClInclude Include="Platform\windows\Pet\Win32MouseCompanionPlaceholderSilhouette.h">
      <Filter>头文件\Platform</Filter>
    </ClInclude>
    <ClInclude Include="Platform\windows\Pet\Win32MouseCompanionPlaceholderMotion.h">
      <Filter>头文件\Platform</Filter>
    </ClInclude>
    <ClInclude Include="Platform\windows\Pet\Win32MouseCompanionReactiveMotion.h">
      <Filter>头文件\Platform</Filter>
    </ClInclude>
    <ClInclude Include="Platform\windows\Pet\Win32MouseCompanionVisualState.h">
      <Filter>头文件\Platform</Filter>
    </ClInclude>
    <ClInclude Include="Platform\windows\Pet\Win32MouseCompanionVisualRuntime.h">
      <Filter>头文件\Platform</Filter>
    </ClInclude>
    <ClInclude Include="Platform\windows\System\Win32LaunchAtStartup.h">
      <Filter>头文件\Platform</Filter>
    </ClInclude>
    <ClInclude Include="Platform\PlatformStartupOptionsFactory.h">
      <Filter>头文件\Platform</Filter>
    </ClInclude>
    <ClInclude Include="Platform\PlatformWasmRuntimeFactory.h">
      <Filter>头文件\Platform</Filter>
    </ClInclude>
    <ClInclude Include="Platform\PlatformTextEncoding.h">
      <Filter>头文件\Platform</Filter>
    </ClInclude>
    <ClInclude Include="Platform\PlatformBinaryResourceLoader.h">
      <Filter>头文件\Platform</Filter>
    </ClInclude>
    <ClInclude Include="Platform\PlatformHoldRuntimeFactory.h">
      <Filter>头文件\Platform</Filter>
    </ClInclude>
    <ClInclude Include="Platform\PlatformRuntimeEnvironment.h">
      <Filter>头文件\Platform</Filter>
    </ClInclude>
    <ClInclude Include="Platform\windows\Shell\Win32DpiAwarenessService.h">
      <Filter>头文件\Platform</Filter>
    </ClInclude>
    <ClInclude Include="Platform\windows\Shell\Win32EventLoopService.h">
      <Filter>头文件\Platform</Filter>
    </ClInclude>
    <ClInclude Include="Platform\windows\Shell\Win32SettingsLauncher.h">
      <Filter>头文件\Platform</Filter>
    </ClInclude>
    <ClInclude Include="Platform\windows\Shell\Win32SingleInstanceGuard.h">
      <Filter>头文件\Platform</Filter>
    </ClInclude>
    <ClInclude Include="Platform\windows\Shell\Win32TrayService.h">
      <Filter>头文件\Platform</Filter>
    </ClInclude>
    <ClInclude Include="Platform\windows\Shell\Win32UserNotificationService.h">
      <Filter>头文件\Platform</Filter>
    </ClInclude>
    <ClInclude Include="Platform\windows\Control\Win32DispatchMessageHost.h">
      <Filter>头文件\Platform</Filter>
    </ClInclude>
    <ClInclude Include="Platform\windows\Control\Win32DispatchMessageCodec.h">
      <Filter>头文件\Platform</Filter>
    </ClInclude>
    <ClInclude Include="Platform\windows\Graphics\Win32D2DFactory.h">
      <Filter>头文件\Platform</Filter>
    </ClInclude>
    <ClInclude Include="Platform\windows\Effects\Win32HoldQuantumHaloGpuV2DirectRuntime.h">
      <Filter>头文件\Platform</Filter>
    </ClInclude>
    <ClInclude Include="Platform\windows\Renderers\Hold\QuantumHaloGpuV2Presenter.h">
      <Filter>头文件\Platform</Filter>
    </ClInclude>
    <ClInclude Include="Platform\windows\Renderers\Hold\QuantumHaloGpuV2ShaderPipeline.h">
      <Filter>头文件\Platform</Filter>
    </ClInclude>
    <ClInclude Include="Platform\windows\Renderers\Hold\QuantumHaloGpuV2ComputeEngine.h">
      <Filter>头文件\Platform</Filter>
    </ClInclude>
    <ClInclude Include="Platform\windows\Renderers\Hold\FluxFieldGpuV2ComputeEngine.h">
      <Filter>头文件\Platform</Filter>
    </ClInclude>
    <ClInclude Include="Platform\windows\Renderers\Hold\FluxFieldHudGpuV2D2DBackend.h">
      <Filter>头文件\Platform</Filter>
    </ClInclude>
    <ClInclude Include="Platform\windows\Renderers\Hold\HoldQuantumHaloGpuV2D2DBackend.h">
      <Filter>头文件\Platform</Filter>
    </ClInclude>
    <ClInclude Include="Platform\windows\System\Win32GlobalMouseHook.h">
      <Filter>头文件\Platform</Filter>
    </ClInclude>
    <ClInclude Include="Platform\windows\System\Win32KeyboardInjector.h">
      <Filter>头文件\Platform</Filter>
    </ClInclude>
    <ClInclude Include="Platform\windows\System\Win32CursorPositionService.h">
      <Filter>头文件\Platform</Filter>
    </ClInclude>
    <ClInclude Include="Platform\windows\System\Win32MonotonicClockService.h">
      <Filter>头文件\Platform</Filter>
    </ClInclude>
    <ClInclude Include="Platform\windows\System\Win32ForegroundProcessService.h">
      <Filter>头文件\Platform</Filter>
    </ClInclude>
    <ClInclude Include="Platform\windows\System\Win32VmForegroundSuppressionService.h">
      <Filter>头文件\Platform</Filter>
    </ClInclude>
    <ClInclude Include="Platform\windows\System\Win32ApplicationCatalogScanner.h">
      <Filter>头文件\Platform</Filter>
    </ClInclude>
    <ClInclude Include="Platform\windows\System\Win32NativeFolderPicker.h">
      <Filter>头文件\Platform</Filter>
    </ClInclude>
    <ClInclude Include="Platform\windows\System\Win32DisplayTopology.h">
      <Filter>头文件\Platform</Filter>
    </ClInclude>
    <ClInclude Include="Platform\windows\System\Win32TextEncoding.h">
      <Filter>头文件\Platform</Filter>
    </ClInclude>
    <ClInclude Include="Platform\windows\System\Win32BinaryResourceLoader.h">
      <Filter>头文件\Platform</Filter>
    </ClInclude>
    <ClInclude Include="Platform\windows\System\Win32RuntimeEnvironment.h">
      <Filter>头文件\Platform</Filter>
    </ClInclude>
    <ClInclude Include="Platform\windows\Overlay\Win32OverlayCoordSpaceService.h">
      <Filter>头文件\Platform</Filter>
    </ClInclude>
    <ClInclude Include="Platform\windows\Overlay\Win32OverlayHostWindow.h">
      <Filter>头文件\Platform</Filter>
    </ClInclude>
    <ClInclude Include="Platform\windows\Overlay\Win32OverlayTimerSupport.h">
      <Filter>头文件\Platform</Filter>
    </ClInclude>
    <ClInclude Include="Platform\windows\Overlay\Win32OverlayHostBackend.h">
      <Filter>头文件\Platform</Filter>
    </ClInclude>
    <ClInclude Include="Platform\windows\Overlay\Win32InputIndicatorOverlay.h">
      <Filter>头文件\Platform</Filter>
    </ClInclude>
  </ItemGroup>
  <ItemGroup>
    <ClCompile Include="MFCMouseEffect.cpp">
      <Filter>源文件</Filter>
    </ClCompile>
    <ClCompile Include="Platform\windows\Control\Win32DispatchMessageHost.cpp">
      <Filter>源文件\Platform</Filter>
    </ClCompile>
    <ClCompile Include="Platform\windows\Control\Win32DispatchMessageCodec.cpp">
      <Filter>源文件\Platform</Filter>
    </ClCompile>
    <ClCompile Include="pch.cpp">
      <Filter>源文件</Filter>
    </ClCompile>
    <ClCompile Include="MouseFx\Core\Control\AppController.cpp">
      <Filter>源文件\MouseFx</Filter>
    </ClCompile>
    <ClCompile Include="MouseFx\Core\Control\AppController.Wasm.cpp">
      <Filter>源文件\MouseFx</Filter>
    </ClCompile>
    <ClCompile Include="MouseFx\Core\Control\AppController.InputCapture.cpp">
      <Filter>源文件\MouseFx</Filter>
    </ClCompile>
    <ClCompile Include="MouseFx\Core\Control\AppController.Effects.cpp">
      <Filter>源文件\MouseFx</Filter>
    </ClCompile>
    <ClCompile Include="MouseFx\Core\Control\AppController.DispatchState.cpp">
      <Filter>源文件\MouseFx</Filter>
    </ClCompile>
    <ClCompile Include="MouseFx\Core\Control\AppController.Lifecycle.cpp">
      <Filter>源文件\MouseFx</Filter>
    </ClCompile>
    <ClCompile Include="MouseFx\Core\Control\PetVisualAssetCoordinator.cpp">
      <Filter>源文件\MouseFx</Filter>
    </ClCompile>
    <ClCompile Include="MouseFx\Core\Control\AppController.VmSuppression.cpp">
      <Filter>源文件\MouseFx</Filter>
    </ClCompile>
    <ClCompile Include="MouseFx\Core\Control\AutomationDispatchFeature.cpp">
      <Filter>源文件\MouseFx</Filter>
    </ClCompile>
    <ClCompile Include="MouseFx\Core\Control\InputIndicatorDispatchFeature.cpp">
      <Filter>源文件\MouseFx</Filter>
    </ClCompile>
    <ClCompile Include="MouseFx\Core\Control\InputIndicatorWasmDispatchFeature.cpp">
      <Filter>源文件\MouseFx</Filter>
    </ClCompile>
    <ClCompile Include="MouseFx\Core\Control\PetDispatchFeature.cpp">
      <Filter>源文件\MouseFx</Filter>
    </ClCompile>
    <ClCompile Include="MouseFx\Core\Control\MouseCompanionPluginHostPhase0.cpp">
      <Filter>源文件\MouseFx</Filter>
    </ClCompile>
    <ClCompile Include="MouseFx\Core\Control\WasmDispatchFeature.cpp">
      <Filter>源文件\MouseFx</Filter>
    </ClCompile>
    <ClCompile Include="MouseFx\Core\Diagnostics\TextEffectRuntimeDiagnostics.cpp">
      <Filter>源文件\MouseFx</Filter>
    </ClCompile>
    <ClCompile Include="MouseFx\Core\Automation\InputAutomationEngine.cpp">
      <Filter>源文件\MouseFx</Filter>
    </ClCompile>
    <ClCompile Include="MouseFx\Core\Automation\InputAutomationDispatch.cpp">
      <Filter>源文件\MouseFx</Filter>
    </ClCompile>
    <ClCompile Include="MouseFx\Core\Automation\GestureMatchSelection.cpp">
      <Filter>源文件\MouseFx</Filter>
    </ClCompile>
    <ClCompile Include="MouseFx\Core\Automation\KeyChord.cpp">
      <Filter>源文件\MouseFx</Filter>
    </ClCompile>
    <ClCompile Include="MouseFx\Core\Automation\ShortcutCaptureSession.cpp">
      <Filter>源文件\MouseFx</Filter>
    </ClCompile>
    <ClCompile Include="MouseFx\Core\Overlay\OverlayHostService.cpp">
      <Filter>源文件\MouseFx</Filter>
    </ClCompile>
    <ClCompile Include="MouseFx\Core\Overlay\InputIndicatorPositionResolver.cpp">
      <Filter>源文件\MouseFx</Filter>
    </ClCompile>
    <ClCompile Include="MouseFx\Core\Overlay\OverlayCoordSpace.cpp">
      <Filter>源文件\MouseFx</Filter>
    </ClCompile>
    <ClCompile Include="MouseFx\Core\System\GdiPlusSession.cpp">
      <Filter>源文件\MouseFx</Filter>
    </ClCompile>
    <ClCompile Include="MouseFx\Core\System\CursorPositionProvider.cpp">
      <Filter>源文件\MouseFx</Filter>
    </ClCompile>
    <ClCompile Include="MouseFx\Server\http\HttpServer.cpp">
      <Filter>源文件\MouseFx</Filter>
    </ClCompile>
    <ClCompile Include="MouseFx\Server\http\HttpServer.ClientSession.cpp">
      <Filter>源文件\MouseFx</Filter>
    </ClCompile>
    <ClCompile Include="MouseFx\Server\http\HttpServer.Lifecycle.cpp">
      <Filter>源文件\MouseFx</Filter>
    </ClCompile>
    <ClCompile Include="MouseFx\Server\http\HttpServer.Protocol.cpp">
      <Filter>源文件\MouseFx</Filter>
    </ClCompile>
    <ClCompile Include="MouseFx\Server\core\WebSettingsServer.cpp">
      <Filter>源文件\MouseFx</Filter>
    </ClCompile>
    <ClCompile Include="MouseFx\Server\core\WebSettingsServer.Routing.cpp">
      <Filter>源文件\MouseFx</Filter>
    </ClCompile>
    <ClCompile Include="MouseFx\Server\core\WebSettingsServer.TokenMonitor.cpp">
      <Filter>源文件\MouseFx</Filter>
    </ClCompile>
    <ClCompile Include="MouseFx\Server\diagnostics\MouseCompanionRendererBackendDiagnostics.cpp">
      <Filter>源文件\MouseFx</Filter>
    </ClCompile>
    <ClCompile Include="MouseFx\Server\diagnostics\SettingsStateMapper.Diagnostics.cpp">
      <Filter>源文件\MouseFx</Filter>
    </ClCompile>
    <ClCompile Include="MouseFx\Server\diagnostics\SettingsStateMapper.InputCaptureDiagnostics.cpp">
      <Filter>源文件\MouseFx</Filter>
    </ClCompile>
    <ClCompile Include="MouseFx\Server\diagnostics\SettingsStateMapper.WasmDiagnostics.cpp">
      <Filter>源文件\MouseFx</Filter>
    </ClCompile>
    <ClCompile Include="MouseFx\Server\routes\automation\WebSettingsServer.AutomationCatalogRoutes.cpp">
      <Filter>源文件\MouseFx</Filter>
    </ClCompile>
    <ClCompile Include="MouseFx\Server\routes\automation\WebSettingsServer.AutomationRoutes.cpp">
      <Filter>源文件\MouseFx</Filter>
    </ClCompile>
    <ClCompile Include="MouseFx\Server\routes\automation\WebSettingsServer.AutomationRouteUtils.cpp">
      <Filter>源文件\MouseFx</Filter>
    </ClCompile>
    <ClCompile Include="MouseFx\Server\routes\automation\WebSettingsServer.AutomationShortcutCaptureRoutes.cpp">
      <Filter>源文件\MouseFx</Filter>
    </ClCompile>
    <ClCompile Include="MouseFx\Server\routes\automation\WebSettingsServer.TestAutomationApiRoutes.cpp">
      <Filter>源文件\MouseFx</Filter>
    </ClCompile>
    <ClCompile Include="MouseFx\Server\routes\automation\WebSettingsServer.TestAutomationInjectionApiRoutes.cpp">
      <Filter>源文件\MouseFx</Filter>
    </ClCompile>
    <ClCompile Include="MouseFx\Server\routes\automation\WebSettingsServer.TestAutomationRouteUtils.cpp">
      <Filter>源文件\MouseFx</Filter>
    </ClCompile>
    <ClCompile Include="MouseFx\Server\routes\automation\WebSettingsServer.TestAutomationScopeApiRoutes.cpp">
      <Filter>源文件\MouseFx</Filter>
    </ClCompile>
    <ClCompile Include="MouseFx\Server\routes\automation\WebSettingsServer.TestAutomationShortcutApiRoutes.cpp">
      <Filter>源文件\MouseFx</Filter>
    </ClCompile>
    <ClCompile Include="MouseFx\Server\routes\core\WebSettingsServer.CoreApiRoutes.cpp">
      <Filter>源文件\MouseFx</Filter>
    </ClCompile>
    <ClCompile Include="MouseFx\Server\routes\core\WebSettingsServer.RequestGateway.cpp">
      <Filter>源文件\MouseFx</Filter>
    </ClCompile>
    <ClCompile Include="MouseFx\Server\routes\testing\WebSettingsServer.MouseCompanionRenderProof.cpp">
      <Filter>源文件\MouseFx</Filter>
    </ClCompile>
    <ClCompile Include="MouseFx\Server\routes\testing\WebSettingsServer.TestApiRoutes.cpp">
      <Filter>源文件\MouseFx</Filter>
    </ClCompile>
    <ClCompile Include="MouseFx\Server\routes\testing\WebSettingsServer.TestEffectsApiRoutes.cpp">
      <Filter>源文件\MouseFx</Filter>
    </ClCompile>
    <ClCompile Include="MouseFx\Server\routes\testing\WebSettingsServer.TestEffectsOverlayApiRoute.cpp">
      <Filter>源文件\MouseFx</Filter>
    </ClCompile>
    <ClCompile Include="MouseFx\Server\routes\testing\WebSettingsServer.TestEffectsProfileApiRoute.cpp">
      <Filter>源文件\MouseFx</Filter>
    </ClCompile>
    <ClCompile Include="MouseFx\Server\routes\testing\WebSettingsServer.TestMouseCompanionApiRoutes.cpp">
      <Filter>源文件\MouseFx</Filter>
    </ClCompile>
    <ClCompile Include="MouseFx\Server\routes\testing\WebSettingsServer.TestRouteCommon.cpp">
      <Filter>源文件\MouseFx</Filter>
    </ClCompile>
    <ClCompile Include="MouseFx\Server\routes\testing\WebSettingsServer.TestWasmInputApiRoutes.cpp">
      <Filter>源文件\MouseFx</Filter>
    </ClCompile>
    <ClCompile Include="MouseFx\Server\routes\wasm\WebSettingsServer.WasmCatalogQueryRoutes.cpp">
      <Filter>源文件\MouseFx</Filter>
    </ClCompile>
    <ClCompile Include="MouseFx\Server\routes\wasm\WebSettingsServer.WasmCatalogRoutes.cpp">
      <Filter>源文件\MouseFx</Filter>
    </ClCompile>
    <ClCompile Include="MouseFx\Server\routes\wasm\WebSettingsServer.WasmExportRoutes.cpp">
      <Filter>源文件\MouseFx</Filter>
    </ClCompile>
    <ClCompile Include="MouseFx\Server\routes\wasm\WebSettingsServer.WasmImportFolderDialogRoute.cpp">
      <Filter>源文件\MouseFx</Filter>
    </ClCompile>
    <ClCompile Include="MouseFx\Server\routes\wasm\WebSettingsServer.WasmImportRoutes.cpp">
      <Filter>源文件\MouseFx</Filter>
    </ClCompile>
    <ClCompile Include="MouseFx\Server\routes\wasm\WebSettingsServer.WasmImportSelectedRoute.cpp">
      <Filter>源文件\MouseFx</Filter>
    </ClCompile>
    <ClCompile Include="MouseFx\Server\routes\wasm\WebSettingsServer.WasmLoadManifestRoute.cpp">
      <Filter>源文件\MouseFx</Filter>
    </ClCompile>
    <ClCompile Include="MouseFx\Server\routes\wasm\WebSettingsServer.WasmReloadRoute.cpp">
      <Filter>源文件\MouseFx</Filter>
    </ClCompile>
    <ClCompile Include="MouseFx\Server\routes\wasm\WebSettingsServer.WasmRouteParseUtils.cpp">
      <Filter>源文件\MouseFx</Filter>
    </ClCompile>
    <ClCompile Include="MouseFx\Server\routes\wasm\WebSettingsServer.WasmRoutePathUtils.cpp">
      <Filter>源文件\MouseFx</Filter>
    </ClCompile>
    <ClCompile Include="MouseFx\Server\routes\wasm\WebSettingsServer.WasmRouteResponseUtils.cpp">
      <Filter>源文件\MouseFx</Filter>
    </ClCompile>
    <ClCompile Include="MouseFx\Server\routes\wasm\WebSettingsServer.WasmRoutes.cpp">
      <Filter>源文件\MouseFx</Filter>
    </ClCompile>
    <ClCompile Include="MouseFx\Server\routes\wasm\WebSettingsServer.WasmRuntimeActionRoutes.cpp">
      <Filter>源文件\MouseFx</Filter>
    </ClCompile>
    <ClCompile Include="MouseFx\Server\routes\wasm\WebSettingsServer.WasmRuntimePolicyRoute.cpp">
      <Filter>源文件\MouseFx</Filter>
    </ClCompile>
    <ClCompile Include="MouseFx\Server\routes\wasm\WebSettingsServer.WasmRuntimeRoutes.cpp">
      <Filter>源文件\MouseFx</Filter>
    </ClCompile>
    <ClCompile Include="MouseFx\Server\routes\wasm\WebSettingsServer.WasmRuntimeStateRoutes.cpp">
      <Filter>源文件\MouseFx</Filter>
    </ClCompile>
    <ClCompile Include="MouseFx\Server\routes\wasm\WebSettingsServer.WasmRuntimeToggleRoutes.cpp">
      <Filter>源文件\MouseFx</Filter>
    </ClCompile>
    <ClCompile Include="MouseFx\Server\settings\SettingsSchemaBuilder.cpp">
      <Filter>源文件\MouseFx</Filter>
    </ClCompile>
    <ClCompile Include="MouseFx\Server\settings\SettingsSchemaBuilder.CapabilitiesSections.cpp">
      <Filter>源文件\MouseFx</Filter>
    </ClCompile>
    <ClCompile Include="MouseFx\Server\settings\SettingsSchemaBuilder.OptionsSections.cpp">
      <Filter>源文件\MouseFx</Filter>
    </ClCompile>
    <ClCompile Include="MouseFx\Server\settings\SettingsStateMapper.cpp">
      <Filter>源文件\MouseFx</Filter>
    </ClCompile>
    <ClCompile Include="MouseFx\Server\settings\SettingsStateMapper.BaseSections.cpp">
      <Filter>源文件\MouseFx</Filter>
    </ClCompile>
    <ClCompile Include="MouseFx\Server\settings\SettingsStateMapper.EffectsDiagnostics.cpp">
      <Filter>源文件\MouseFx</Filter>
    </ClCompile>
    <ClCompile Include="MouseFx\Server\settings\SettingsStateMapper.EffectsProfileStateBuilder.cpp">
      <Filter>源文件\MouseFx</Filter>
    </ClCompile>
    <ClCompile Include="MouseFx\Server\settings\SettingsWasmCapabilities.cpp">
      <Filter>源文件\MouseFx</Filter>
    </ClCompile>
    <ClCompile Include="MouseFx\Server\webui\WebSettingsServer.WebUiPathResolver.cpp">
      <Filter>源文件\MouseFx</Filter>
    </ClCompile>
    <ClCompile Include="MouseFx\Server\webui\WebUiAssets.cpp">
      <Filter>源文件\MouseFx</Filter>
    </ClCompile>
    <ClCompile Include="Platform\PlatformApplicationCatalog.cpp">
      <Filter>源文件\Platform</Filter>
    </ClCompile>
    <ClCompile Include="Platform\PlatformNativeFolderPicker.cpp">
      <Filter>源文件\Platform</Filter>
    </ClCompile>
    <ClCompile Include="Platform\PlatformDisplayTopology.cpp">
      <Filter>源文件\Platform</Filter>
    </ClCompile>
    <ClCompile Include="MouseFx\Styles\ThemeCatalogLoader.cpp">
      <Filter>源文件\MouseFx</Filter>
    </ClCompile>
    <ClCompile Include="MouseFx\Styles\ThemeStyle.cpp">
      <Filter>源文件\MouseFx</Filter>
    </ClCompile>
    <ClCompile Include="MouseFx\Layers\TrailOverlayLayer.cpp">
      <Filter>源文件\MouseFx</Filter>
    </ClCompile>
    <ClCompile Include="MouseFx\Layers\ParticleTrailOverlayLayer.cpp">
      <Filter>源文件\MouseFx</Filter>
    </ClCompile>
    <ClCompile Include="MouseFx\Layers\RippleOverlayLayer.cpp">
      <Filter>源文件\MouseFx</Filter>
    </ClCompile>
    <ClCompile Include="MouseFx\Layers\TextOverlayLayer.cpp">
      <Filter>源文件\MouseFx</Filter>
    </ClCompile>
    <ClCompile Include="Platform\windows\Shell\Tray\Win32TrayHostWindow.cpp">
      <Filter>源文件\Platform</Filter>
    </ClCompile>
    <ClCompile Include="Platform\windows\Shell\Tray\Win32TrayMenuBuilder.cpp">
      <Filter>源文件\Platform</Filter>
    </ClCompile>
    <ClCompile Include="MouseFx\Core\Shell\AppShellCore.cpp">
      <Filter>源文件\MouseFx</Filter>
    </ClCompile>
    <ClCompile Include="MouseFx\Core\Shell\WebSettingsLaunchCoordinator.cpp">
      <Filter>源文件\MouseFx</Filter>
    </ClCompile>
    <ClCompile Include="Platform\windows\Shell\Win32AppShell.cpp">
      <Filter>源文件\Platform</Filter>
    </ClCompile>
    <ClCompile Include="Platform\PlatformOverlayCoordSpaceFactory.cpp">
      <Filter>源文件\Platform</Filter>
    </ClCompile>
    <ClCompile Include="Platform\PlatformControlMessageCodecFactory.cpp">
      <Filter>源文件\Platform</Filter>
    </ClCompile>
    <ClCompile Include="Platform\PlatformControlServicesFactory.cpp">
      <Filter>源文件\Platform</Filter>
    </ClCompile>
    <ClCompile Include="Platform\PlatformInputServicesFactory.cpp">
      <Filter>源文件\Platform</Filter>
    </ClCompile>
    <ClCompile Include="Platform\PlatformOverlayServicesFactory.cpp">
      <Filter>源文件\Platform</Filter>
    </ClCompile>
    <ClCompile Include="Platform\PlatformSystemServicesFactory.cpp">
      <Filter>源文件\Platform</Filter>
    </ClCompile>
    <ClCompile Include="Platform\PlatformShellServicesFactory.cpp">
      <Filter>源文件\Platform</Filter>
    </ClCompile>
    <ClCompile Include="Platform\PlatformAppShellFactory.cpp">
      <Filter>源文件\Platform</Filter>
    </ClCompile>
    <ClCompile Include="Platform\PlatformEntryRunner.cpp">
      <Filter>源文件\Platform</Filter>
    </ClCompile>
    <ClCompile Include="Platform\PlatformStartupOptionsFactory.cpp">
      <Filter>源文件\Platform</Filter>
    </ClCompile>
    <ClCompile Include="Platform\PlatformWasmRuntimeFactory.cpp">
      <Filter>源文件\Platform</Filter>
    </ClCompile>
    <ClCompile Include="Platform\PlatformTextEncoding.cpp">
      <Filter>源文件\Platform</Filter>
    </ClCompile>
    <ClCompile Include="Platform\PlatformBinaryResourceLoader.cpp">
      <Filter>源文件\Platform</Filter>
    </ClCompile>
    <ClCompile Include="Platform\PlatformHoldRuntimeFactory.cpp">
      <Filter>源文件\Platform</Filter>
    </ClCompile>
    <ClCompile Include="Platform\PlatformRuntimeEnvironment.cpp">
      <Filter>源文件\Platform</Filter>
    </ClCompile>
    <ClCompile Include="Platform\PlatformLaunchAtStartup.cpp">
      <Filter>源文件\Platform</Filter>
    </ClCompile>
    <ClCompile Include="Platform\PlatformPetVisualHost.cpp">
      <Filter>源文件\Platform</Filter>
    </ClCompile>
    <ClCompile Include="Platform\windows\Shell\Win32DpiAwarenessService.cpp">
      <Filter>源文件\Platform</Filter>
    </ClCompile>
    <ClCompile Include="Platform\windows\Shell\Win32EventLoopService.cpp">
      <Filter>源文件\Platform</Filter>
    </ClCompile>
    <ClCompile Include="Platform\windows\Shell\Win32SettingsLauncher.cpp">
      <Filter>源文件\Platform</Filter>
    </ClCompile>
    <ClCompile Include="Platform\windows\Shell\Win32SingleInstanceGuard.cpp">
      <Filter>源文件\Platform</Filter>
    </ClCompile>
    <ClCompile Include="Platform\windows\Shell\Win32TrayService.cpp">
      <Filter>源文件\Platform</Filter>
    </ClCompile>
    <ClCompile Include="Platform\windows\Shell\Win32UserNotificationService.cpp">
      <Filter>源文件\Platform</Filter>
    </ClCompile>
    <ClCompile Include="Platform\windows\Shell\Win32ShellServicesFactory.cpp">
      <Filter>源文件\Platform</Filter>
    </ClCompile>
    <ClCompile Include="Platform\windows\Overlay\Win32OverlayCoordSpaceService.cpp">
      <Filter>源文件\Platform</Filter>
    </ClCompile>
    <ClCompile Include="Platform\windows\Overlay\Win32OverlayHostWindow.cpp">
      <Filter>源文件\Platform</Filter>
    </ClCompile>
    <ClCompile Include="Platform\windows\Overlay\Win32OverlayTimerSupport.cpp">
      <Filter>源文件\Platform</Filter>
    </ClCompile>
    <ClCompile Include="Platform\windows\Overlay\Win32OverlayHostBackend.cpp">
      <Filter>源文件\Platform</Filter>
    </ClCompile>
    <ClCompile Include="Platform\windows\System\Win32GlobalMouseHook.cpp">
      <Filter>源文件\Platform</Filter>
    </ClCompile>
    <ClCompile Include="Platform\windows\System\Win32KeyboardInjector.cpp">
      <Filter>源文件\Platform</Filter>
    </ClCompile>
    <ClCompile Include="Platform\windows\System\Win32CursorPositionService.cpp">
      <Filter>源文件\Platform</Filter>
    </ClCompile>
    <ClCompile Include="Platform\windows\System\Win32MonotonicClockService.cpp">
      <Filter>源文件\Platform</Filter>
    </ClCompile>
    <ClCompile Include="Platform\windows\System\Win32ForegroundProcessService.cpp">
      <Filter>源文件\Platform</Filter>
    </ClCompile>
    <ClCompile Include="Platform\windows\System\Win32VmForegroundSuppressionService.cpp">
      <Filter>源文件\Platform</Filter>
    </ClCompile>
    <ClCompile Include="Platform\windows\System\Win32ApplicationCatalogScanner.cpp">
      <Filter>源文件\Platform</Filter>
    </ClCompile>
    <ClCompile Include="Platform\windows\System\Win32NativeFolderPicker.cpp">
      <Filter>源文件\Platform</Filter>
    </ClCompile>
    <ClCompile Include="Platform\windows\System\Win32DisplayTopology.cpp">
      <Filter>源文件\Platform</Filter>
    </ClCompile>
    <ClCompile Include="Platform\windows\System\Win32TextEncoding.cpp">
      <Filter>源文件\Platform</Filter>
    </ClCompile>
    <ClCompile Include="Platform\windows\System\Win32BinaryResourceLoader.cpp">
      <Filter>源文件\Platform</Filter>
    </ClCompile>
    <ClCompile Include="MouseFx\Core\Control\CommandHandler.cpp">
      <Filter>源文件\MouseFx</Filter>
    </ClCompile>
    <ClCompile Include="MouseFx\Core\Control\CommandHandler.ApplySettings.cpp">
      <Filter>源文件\MouseFx</Filter>
    </ClCompile>
    <ClCompile Include="MouseFx\Core\Control\CommandHandler.ApplySettings.AutomationWasm.cpp">
      <Filter>源文件\MouseFx</Filter>
    </ClCompile>
    <ClCompile Include="MouseFx\Core\Control\CommandHandler.ApplySettings.Visual.cpp">
      <Filter>源文件\MouseFx</Filter>
    </ClCompile>
    <ClCompile Include="MouseFx\Core\Control\DispatchRouter.cpp">
      <Filter>源文件\MouseFx</Filter>
    </ClCompile>
    <ClCompile Include="MouseFx\Core\Control\DispatchRouter.Pointer.cpp">
      <Filter>源文件\MouseFx</Filter>
    </ClCompile>
    <ClCompile Include="Platform\windows\System\Win32RuntimeEnvironment.cpp">
      <Filter>源文件\Platform</Filter>
    </ClCompile>
    <ClCompile Include="Platform\windows\System\Win32LaunchAtStartup.cpp">
      <Filter>源文件\Platform</Filter>
    </ClCompile>
    <ClCompile Include="Platform\windows\Pet\Win32MouseCompanionVisualHost.cpp">
      <Filter>源文件\Platform</Filter>
    </ClCompile>
    <ClCompile Include="Platform\windows\Pet\Win32MouseCompanionActionLibrary.cpp">
      <Filter>源文件\Platform</Filter>
    </ClCompile>
    <ClCompile Include="Platform\windows\Pet\Win32MouseCompanionActionRuntime.cpp">
      <Filter>源文件\Platform</Filter>
    </ClCompile>
    <ClCompile Include="Platform\windows\Pet\Win32MouseCompanionAppearanceProfile.cpp">
      <Filter>源文件\Platform</Filter>
    </ClCompile>
    <ClCompile Include="Platform\windows\Pet\Win32MouseCompanionPresenter.cpp">
      <Filter>源文件\Platform</Filter>
    </ClCompile>
    <ClCompile Include="Platform\windows\Pet\Win32MouseCompanionRendererBackendFactory.cpp">
      <Filter>源文件\Platform</Filter>
    </ClCompile>
    <ClCompile Include="Platform\windows\Pet\Win32MouseCompanionRendererBackendPreference.cpp">
      <Filter>源文件\Platform</Filter>
    </ClCompile>
    <ClCompile Include="Platform\windows\Pet\Win32MouseCompanionRealRendererActionOverlayBuilder.cpp">
      <Filter>源文件\Platform</Filter>
    </ClCompile>
    <ClCompile Include="Platform\windows\Pet\Win32MouseCompanionRealRendererAdornmentBuilder.cpp">
      <Filter>源文件\Platform</Filter>
    </ClCompile>
    <ClCompile Include="Platform\windows\Pet\Win32MouseCompanionRealRendererAppearanceSemantics.cpp">
      <Filter>源文件\Platform</Filter>
    </ClCompile>
    <ClCompile Include="Platform\windows\Pet\Win32MouseCompanionRenderPluginContractLabels.cpp">
      <Filter>源文件\Platform</Filter>
    </ClCompile>
    <ClCompile Include="Platform\windows\Pet\Win32MouseCompanionRenderPluginManifestContract.cpp">
      <Filter>源文件\Platform</Filter>
    </ClCompile>
    <ClCompile Include="Platform\windows\Pet\Win32MouseCompanionRenderPluginHost.cpp">
      <Filter>源文件\Platform</Filter>
    </ClCompile>
    <ClCompile Include="Platform\windows\Pet\Win32MouseCompanionRealRendererAppendageBuilder.cpp">
      <Filter>源文件\Platform</Filter>
    </ClCompile>
    <ClCompile Include="Platform\windows\Pet\Win32MouseCompanionRealRendererAssetResources.cpp">
      <Filter>源文件\Platform</Filter>
    </ClCompile>
    <ClCompile Include="Platform\windows\Pet\Win32MouseCompanionRealRendererCapabilities.cpp">
      <Filter>源文件\Platform</Filter>
    </ClCompile>
    <ClCompile Include="Platform\windows\Pet\Win32MouseCompanionRealRendererBackend.cpp">
      <Filter>源文件\Platform</Filter>
    </ClCompile>
    <ClCompile Include="Platform\windows\Pet\Win32MouseCompanionRealRendererFaceBuilder.cpp">
      <Filter>源文件\Platform</Filter>
    </ClCompile>
    <ClCompile Include="Platform\windows\Pet\Win32MouseCompanionRealRendererFrameBuilder.cpp">
      <Filter>源文件\Platform</Filter>
    </ClCompile>
    <ClCompile Include="Platform\windows\Pet\Win32MouseCompanionRealRendererMotionProfile.cpp">
      <Filter>源文件\Platform</Filter>
    </ClCompile>
    <ClCompile Include="Platform\windows\Pet\Win32MouseCompanionRealRendererModelSceneAdapterProfile.cpp">
      <Filter>源文件\Platform</Filter>
    </ClCompile>
    <ClCompile Include="Platform\windows\Pet\Win32MouseCompanionRealRendererModelNodeAdapterProfile.cpp">
      <Filter>源文件\Platform</Filter>
    </ClCompile>
    <ClCompile Include="Platform\windows\Pet\Win32MouseCompanionRealRendererModelNodeBindingProfile.cpp">
      <Filter>源文件\Platform</Filter>
    </ClCompile>
    <ClCompile Include="Platform\windows\Pet\Win32MouseCompanionRealRendererAssetNodeBindingProfile.cpp">
      <Filter>源文件\Platform</Filter>
    </ClCompile>
    <ClCompile Include="Platform\windows\Pet\Win32MouseCompanionRealRendererAssetNodeAnchorProfile.cpp">
      <Filter>源文件\Platform</Filter>
    </ClCompile>
    <ClCompile Include="Platform\windows\Pet\Win32MouseCompanionRealRendererAssetNodeParentSpaceProfile.cpp">
      <Filter>源文件\Platform</Filter>
    </ClCompile>
    <ClCompile Include="Platform\windows\Pet\Win32MouseCompanionRealRendererAssetNodeResolverProfile.cpp">
      <Filter>源文件\Platform</Filter>
    </ClCompile>
    <ClCompile Include="Platform\windows\Pet\Win32MouseCompanionRealRendererAssetNodeTargetProfile.cpp">
      <Filter>源文件\Platform</Filter>
    </ClCompile>
    <ClCompile Include="Platform\windows\Pet\Win32MouseCompanionRealRendererAssetNodeTargetResolverProfile.cpp">
      <Filter>源文件\Platform</Filter>
    </ClCompile>
    <ClCompile Include="Platform\windows\Pet\Win32MouseCompanionRealRendererAssetNodePoseProfile.cpp">
      <Filter>源文件\Platform</Filter>
    </ClCompile>
    <ClCompile Include="Platform\windows\Pet\Win32MouseCompanionRealRendererAssetNodePoseResolverProfile.cpp">
      <Filter>源文件\Platform</Filter>
    </ClCompile>
    <ClCompile Include="Platform\windows\Pet\Win32MouseCompanionRealRendererAssetNodePoseRegistryProfile.cpp">
      <Filter>源文件\Platform</Filter>
    </ClCompile>
    <ClCompile Include="Platform\windows\Pet\Win32MouseCompanionRealRendererAssetNodePoseChannelProfile.cpp">
      <Filter>源文件\Platform</Filter>
    </ClCompile>
    <ClCompile Include="Platform\windows\Pet\Win32MouseCompanionRealRendererAssetNodePoseConstraintProfile.cpp">
      <Filter>源文件\Platform</Filter>
    </ClCompile>
    <ClCompile Include="Platform\windows\Pet\Win32MouseCompanionRealRendererAssetNodePoseSolveProfile.cpp">
      <Filter>源文件\Platform</Filter>
    </ClCompile>
    <ClCompile Include="Platform\windows\Pet\Win32MouseCompanionRealRendererAssetNodeJointHintProfile.cpp">
      <Filter>源文件\Platform</Filter>
    </ClCompile>
    <ClCompile Include="Platform\windows\Pet\Win32MouseCompanionRealRendererAssetNodeArticulationProfile.cpp">
      <Filter>源文件\Platform</Filter>
    </ClCompile>
    <ClCompile Include="Platform\windows\Pet\Win32MouseCompanionRealRendererAssetNodeLocalJointRegistryProfile.cpp">
      <Filter>源文件\Platform</Filter>
    </ClCompile>
    <ClCompile Include="Platform\windows\Pet\Win32MouseCompanionRealRendererAssetNodeArticulationMapProfile.cpp">
      <Filter>源文件\Platform</Filter>
    </ClCompile>
    <ClCompile Include="Platform\windows\Pet\Win32MouseCompanionRealRendererAssetNodeControlRigHintProfile.cpp">
      <Filter>源文件\Platform</Filter>
    </ClCompile>
    <ClCompile Include="Platform\windows\Pet\Win32MouseCompanionRealRendererAssetNodeControlSurfaceProfile.cpp">
      <Filter>源文件\Platform</Filter>
    </ClCompile>
    <ClCompile Include="Platform\windows\Pet\Win32MouseCompanionRealRendererAssetNodeRigChannelProfile.cpp">
      <Filter>源文件\Platform</Filter>
    </ClCompile>
    <ClCompile Include="Platform\windows\Pet\Win32MouseCompanionRealRendererAssetNodeWorldSpaceProfile.cpp">
      <Filter>源文件\Platform</Filter>
    </ClCompile>
    <ClCompile Include="Platform\windows\Pet\Win32MouseCompanionRealRendererAssetNodeTransformProfile.cpp">
      <Filter>源文件\Platform</Filter>
    </ClCompile>
    <ClCompile Include="Platform\windows\Pet\Win32MouseCompanionRealRendererModelNodeSlotProfile.cpp">
      <Filter>源文件\Platform</Filter>
    </ClCompile>
    <ClCompile Include="Platform\windows\Pet\Win32MouseCompanionRealRendererModelNodeRegistryProfile.cpp">
      <Filter>源文件\Platform</Filter>
    </ClCompile>
    <ClCompile Include="Platform\windows\Pet\Win32MouseCompanionRealRendererModelNodeGraphProfile.cpp">
      <Filter>源文件\Platform</Filter>
    </ClCompile>
    <ClCompile Include="Platform\windows\Pet\Win32MouseCompanionRealRendererPaletteBuilder.cpp">
      <Filter>源文件\Platform</Filter>
    </ClCompile>
    <ClCompile Include="Platform\windows\Pet\Win32MouseCompanionRealRendererPaletteProfile.cpp">
      <Filter>源文件\Platform</Filter>
    </ClCompile>
    <ClCompile Include="Platform\windows\Pet\Win32MouseCompanionRealRendererPainter.cpp">
      <Filter>源文件\Platform</Filter>
    </ClCompile>
    <ClCompile Include="Platform\windows\Pet\Win32MouseCompanionRealRendererSceneBuilder.cpp">
      <Filter>源文件\Platform</Filter>
    </ClCompile>
    <ClCompile Include="Platform\windows\Pet\Win32MouseCompanionRealRendererSceneRuntime.cpp">
      <Filter>源文件\Platform</Filter>
    </ClCompile>
    <ClCompile Include="Platform\windows\Pet\Win32MouseCompanionRealRendererPoseAdapterProfile.cpp">
      <Filter>源文件\Platform</Filter>
    </ClCompile>
    <ClCompile Include="Platform\windows\Pet\Win32MouseCompanionRealRendererStyleProfile.cpp">
      <Filter>源文件\Platform</Filter>
    </ClCompile>
    <ClCompile Include="Platform\windows\Pet\Win32MouseCompanionRendererBackendPreferenceRequestBuilder.cpp">
      <Filter>源文件\Platform</Filter>
    </ClCompile>
    <ClCompile Include="Platform\windows\Pet\Win32MouseCompanionRendererBackendPreferenceRegistry.cpp">
      <Filter>源文件\Platform</Filter>
    </ClCompile>
    <ClCompile Include="Platform\windows\Pet\Win32MouseCompanionRendererBackendRegistry.cpp">
      <Filter>源文件\Platform</Filter>
    </ClCompile>
    <ClCompile Include="Platform\windows\Pet\Win32MouseCompanionRendererInputBuilder.cpp">
      <Filter>源文件\Platform</Filter>
    </ClCompile>
    <ClCompile Include="Platform\windows\Pet\Win32MouseCompanionRendererRuntime.cpp">
      <Filter>源文件\Platform</Filter>
    </ClCompile>
    <ClCompile Include="Platform\windows\Pet\Win32MouseCompanionPlaceholderPainter.cpp">
      <Filter>源文件\Platform</Filter>
    </ClCompile>
    <ClCompile Include="Platform\windows\Pet\Win32MouseCompanionWindow.cpp">
      <Filter>源文件\Platform</Filter>
    </ClCompile>
    <ClCompile Include="Platform\windows\Pet\Win32MouseCompanionPlaceholderRenderer.cpp">
      <Filter>源文件\Platform</Filter>
    </ClCompile>
    <ClCompile Include="Platform\windows\Pet\Win32MouseCompanionPlaceholderSceneBuilder.cpp">
      <Filter>源文件\Platform</Filter>
    </ClCompile>
    <ClCompile Include="Platform\windows\Pet\Win32MouseCompanionPlaceholderActionProfile.cpp">
      <Filter>源文件\Platform</Filter>
    </ClCompile>
    <ClCompile Include="Platform\windows\Pet\Win32MouseCompanionPlaceholderAccessory.cpp">
      <Filter>源文件\Platform</Filter>
    </ClCompile>
    <ClCompile Include="Platform\windows\Pet\Win32MouseCompanionPlaceholderAdornment.cpp">
      <Filter>源文件\Platform</Filter>
    </ClCompile>
    <ClCompile Include="Platform\windows\Pet\Win32MouseCompanionPlaceholderGait.cpp">
      <Filter>源文件\Platform</Filter>
    </ClCompile>
    <ClCompile Include="Platform\windows\Pet\Win32MouseCompanionPlaceholderExpression.cpp">
      <Filter>源文件\Platform</Filter>
    </ClCompile>
    <ClCompile Include="Platform\windows\Pet\Win32MouseCompanionPlaceholderPalette.cpp">
      <Filter>源文件\Platform</Filter>
    </ClCompile>
    <ClCompile Include="Platform\windows\Pet\Win32MouseCompanionPlaceholderPosture.cpp">
      <Filter>源文件\Platform</Filter>
    </ClCompile>
    <ClCompile Include="Platform\windows\Pet\Win32MouseCompanionPlaceholderRhythm.cpp">
      <Filter>源文件\Platform</Filter>
    </ClCompile>
    <ClCompile Include="Platform\windows\Pet\Win32MouseCompanionPlaceholderSilhouette.cpp">
      <Filter>源文件\Platform</Filter>
    </ClCompile>
    <ClCompile Include="Platform\windows\Pet\Win32MouseCompanionPlaceholderMotion.cpp">
      <Filter>源文件\Platform</Filter>
    </ClCompile>
    <ClCompile Include="Platform\windows\Pet\Win32MouseCompanionReactiveMotion.cpp">
      <Filter>源文件\Platform</Filter>
    </ClCompile>
    <ClCompile Include="Platform\windows\Pet\Win32MouseCompanionVisualRuntime.cpp">
      <Filter>源文件\Platform</Filter>
    </ClCompile>
    <ClCompile Include="Platform\windows\Effects\Win32HoldQuantumHaloGpuV2DirectRuntime.cpp">
      <Filter>源文件\Platform</Filter>
    </ClCompile>
    <ClCompile Include="Platform\windows\Graphics\Win32D2DFactory.cpp">
      <Filter>源文件\Platform</Filter>
    </ClCompile>
    <ClCompile Include="Platform\windows\Renderers\Hold\QuantumHaloGpuV2Presenter.cpp">
      <Filter>源文件\Platform</Filter>
    </ClCompile>
    <ClCompile Include="Platform\windows\Renderers\Hold\QuantumHaloGpuV2ShaderPipeline.cpp">
      <Filter>源文件\Platform</Filter>
    </ClCompile>
    <ClCompile Include="Platform\windows\Renderers\Hold\QuantumHaloGpuV2ComputeEngine.cpp">
      <Filter>源文件\Platform</Filter>
    </ClCompile>
    <ClCompile Include="Platform\windows\Renderers\Hold\FluxFieldGpuV2ComputeEngine.cpp">
      <Filter>源文件\Platform</Filter>
    </ClCompile>
    <ClCompile Include="Platform\windows\Renderers\Hold\FluxFieldHudGpuV2D2DBackend.cpp">
      <Filter>源文件\Platform</Filter>
    </ClCompile>
    <ClCompile Include="Platform\windows\Renderers\Hold\HoldQuantumHaloGpuV2D2DBackend.cpp">
      <Filter>源文件\Platform</Filter>
    </ClCompile>
    <ClCompile Include="Platform\windows\Overlay\Win32InputIndicatorOverlay.cpp">
      <Filter>源文件\Platform</Filter>
    </ClCompile>
    <ClCompile Include="MouseFx\Renderers\Indicator\IndicatorRenderer.cpp">
      <Filter>源文件\MouseFx</Filter>
    </ClCompile>
    <ClCompile Include="MouseFx\Renderers\Hold\Presentation\QuantumHaloPresenterBackendRegistry.cpp">
      <Filter>源文件\MouseFx</Filter>
    </ClCompile>
    <ClCompile Include="MouseFx\Renderers\Hold\Presentation\QuantumHaloPresenterHost.cpp">
      <Filter>源文件\MouseFx</Filter>
    </ClCompile>
    <ClCompile Include="Platform\windows\Renderers\Hold\Presentation\QuantumHaloDCompPresenterBackend.cpp">
      <Filter>源文件\Platform</Filter>
    </ClCompile>
    <ClCompile Include="MouseFx\Renderers\Hold\Presentation\QuantumHaloPresenterSelection.cpp">
      <Filter>源文件\MouseFx</Filter>
    </ClCompile>
    <ClCompile Include="MouseFx\Effects\HoldRouteCatalog.cpp">
      <Filter>源文件\MouseFx</Filter>
    </ClCompile>
    <ClCompile Include="MouseFx\Core\Config\EffectConfigJsonCodec.Parse.Automation.cpp">
      <Filter>源文件\MouseFx</Filter>
    </ClCompile>
    <ClCompile Include="MouseFx\Core\Config\EffectConfigJsonCodec.Parse.Wasm.cpp">
      <Filter>源文件\MouseFx</Filter>
    </ClCompile>
    <ClCompile Include="MouseFx\Core\Config\EffectConfigJsonCodec.Serialize.Automation.cpp">
      <Filter>源文件\MouseFx</Filter>
    </ClCompile>
    <ClCompile Include="MouseFx\Core\Config\EffectConfigJsonCodec.Serialize.Wasm.cpp">
      <Filter>源文件\MouseFx</Filter>
    </ClCompile>
    <ClCompile Include="MouseFx\Core\Input\GestureRecognizer.cpp">
      <Filter>源文件\MouseFx</Filter>
    </ClCompile>
    <ClCompile Include="MouseFx\Core\Input\GestureRecognizer.Direction.cpp">
      <Filter>源文件\MouseFx</Filter>
    </ClCompile>
    <ClCompile Include="MouseFx\Core\Input\GestureSimilarity.cpp">
      <Filter>源文件\MouseFx</Filter>
    </ClCompile>
    <ClCompile Include="MouseFx\Core\Wasm\WasmBinaryCodec.cpp">
      <Filter>源文件\MouseFx</Filter>
    </ClCompile>
    <ClCompile Include="MouseFx\Core\Wasm\WasmCommandBufferParser.cpp">
      <Filter>源文件\MouseFx</Filter>
    </ClCompile>
    <ClCompile Include="MouseFx\Core\Wasm\WasmExecutionBudgetGuard.cpp">
      <Filter>源文件\MouseFx</Filter>
    </ClCompile>
    <ClCompile Include="MouseFx\Core\Wasm\WasmPluginManifest.Load.cpp">
      <Filter>源文件\MouseFx</Filter>
    </ClCompile>
    <ClCompile Include="MouseFx\Core\Wasm\WasmPluginManifest.Validate.cpp">
      <Filter>源文件\MouseFx</Filter>
    </ClCompile>
    <ClCompile Include="MouseFx\Core\Wasm\WasmPluginPaths.cpp">
      <Filter>源文件\MouseFx</Filter>
    </ClCompile>
    <ClCompile Include="MouseFx\Core\Wasm\WasmPluginCatalog.cpp">
      <Filter>源文件\MouseFx</Filter>
    </ClCompile>
    <ClCompile Include="MouseFx\Core\Wasm\WasmPluginTransferService.cpp">
      <Filter>源文件\MouseFx</Filter>
    </ClCompile>
    <ClCompile Include="MouseFx\Core\Wasm\WasmPluginTransferService.Common.cpp">
      <Filter>源文件\MouseFx</Filter>
    </ClCompile>
    <ClCompile Include="MouseFx\Core\Wasm\WasmPluginTransferService.Export.cpp">
      <Filter>源文件\MouseFx</Filter>
    </ClCompile>
    <ClCompile Include="MouseFx\Core\Wasm\WasmPluginTransferService.Import.cpp">
      <Filter>源文件\MouseFx</Filter>
    </ClCompile>
    <ClCompile Include="MouseFx\Core\Wasm\WasmPluginImageAssetCatalog.cpp">
      <Filter>源文件\MouseFx</Filter>
    </ClCompile>
    <ClCompile Include="Platform\windows\Wasm\Win32DllWasmRuntime.cpp">
      <Filter>源文件\Platform</Filter>
    </ClCompile>
    <ClCompile Include="MouseFx\Core\Wasm\NullWasmRuntime.cpp">
      <Filter>源文件\MouseFx</Filter>
    </ClCompile>
    <ClCompile Include="MouseFx\Core\Wasm\Wasm3Runtime.Calls.cpp">
      <Filter>源文件\MouseFx</Filter>
    </ClCompile>
    <ClCompile Include="MouseFx\Core\Wasm\Wasm3Runtime.Linking.cpp">
      <Filter>源文件\MouseFx</Filter>
    </ClCompile>
    <ClCompile Include="MouseFx\Core\Wasm\Wasm3Runtime.cpp">
      <Filter>源文件\MouseFx</Filter>
    </ClCompile>
    <ClCompile Include="MouseFx\Core\Wasm\WasmRuntimeFactory.cpp">
      <Filter>源文件\MouseFx</Filter>
    </ClCompile>
    <ClCompile Include="MouseFx\Core\Wasm\WasmEffectHost.cpp">
      <Filter>源文件\MouseFx</Filter>
    </ClCompile>
    <ClCompile Include="MouseFx\Core\Wasm\WasmEffectHost.Invoke.cpp">
      <Filter>源文件\MouseFx</Filter>
    </ClCompile>
    <ClCompile Include="MouseFx\Core\Wasm\WasmDynamicTextLabelScope.cpp">
      <Filter>源文件\MouseFx</Filter>
    </ClCompile>
    <ClCompile Include="MouseFx\Core\Wasm\WasmEventInvokeExecutor.cpp">
      <Filter>源文件\MouseFx</Filter>
    </ClCompile>
    <ClCompile Include="MouseFx\Core\Wasm\WasmCommandRenderer.cpp">
      <Filter>源文件\MouseFx</Filter>
    </ClCompile>
    <ClCompile Include="MouseFx\Core\Wasm\WasmClickCommandExecutor.cpp">
      <Filter>源文件\MouseFx</Filter>
    </ClCompile>
    <ClCompile Include="MouseFx\Core\Wasm\WasmPathFillCommandExecutor.cpp">
      <Filter>源文件\MouseFx</Filter>
    </ClCompile>
    <ClCompile Include="MouseFx\Core\Wasm\WasmRibbonStripCommandExecutor.cpp">
      <Filter>源文件\MouseFx</Filter>
    </ClCompile>
    <ClCompile Include="MouseFx\Core\Wasm\WasmSpriteBatchCommandExecutor.cpp">
      <Filter>源文件\MouseFx</Filter>
    </ClCompile>
    <ClCompile Include="MouseFx\Core\Wasm\WasmPathStrokeCommandExecutor.cpp">
      <Filter>源文件\MouseFx</Filter>
    </ClCompile>
    <ClCompile Include="MouseFx\Core\Wasm\WasmRetainedGlowEmitterRuntime.cpp">
      <Filter>源文件\MouseFx</Filter>
    </ClCompile>
    <ClCompile Include="MouseFx\Core\Wasm\WasmRetainedQuadFieldRuntime.cpp">
      <Filter>源文件\MouseFx</Filter>
    </ClCompile>
    <ClCompile Include="MouseFx\Core\Wasm\WasmRetainedRibbonTrailRuntime.cpp">
      <Filter>源文件\MouseFx</Filter>
    </ClCompile>
    <ClCompile Include="MouseFx\Core\Wasm\WasmRetainedSpriteEmitterRuntime.cpp">
      <Filter>源文件\MouseFx</Filter>
    </ClCompile>
    <ClCompile Include="MouseFx\Core\Wasm\WasmRenderResourceResolver.cpp">
      <Filter>源文件\MouseFx</Filter>
    </ClCompile>
    <ClCompile Include="MouseFx\Core\Wasm\WasmImageFileRenderer.cpp">
      <Filter>源文件\MouseFx</Filter>
    </ClCompile>
    <ClCompile Include="WasmRuntimeBridge\third_party\wasm3\source\m3_bind.c">
      <Filter>源文件\MouseFx</Filter>
    </ClCompile>
    <ClCompile Include="WasmRuntimeBridge\third_party\wasm3\source\m3_code.c">
      <Filter>源文件\MouseFx</Filter>
    </ClCompile>
    <ClCompile Include="WasmRuntimeBridge\third_party\wasm3\source\m3_compile.c">
      <Filter>源文件\MouseFx</Filter>
    </ClCompile>
    <ClCompile Include="WasmRuntimeBridge\third_party\wasm3\source\m3_core.c">
      <Filter>源文件\MouseFx</Filter>
    </ClCompile>
    <ClCompile Include="WasmRuntimeBridge\third_party\wasm3\source\m3_env.c">
      <Filter>源文件\MouseFx</Filter>
    </ClCompile>
    <ClCompile Include="WasmRuntimeBridge\third_party\wasm3\source\m3_exec.c">
      <Filter>源文件\MouseFx</Filter>
    </ClCompile>
    <ClCompile Include="WasmRuntimeBridge\third_party\wasm3\source\m3_function.c">
      <Filter>源文件\MouseFx</Filter>
    </ClCompile>
    <ClCompile Include="WasmRuntimeBridge\third_party\wasm3\source\m3_info.c">
      <Filter>源文件\MouseFx</Filter>
    </ClCompile>
    <ClCompile Include="WasmRuntimeBridge\third_party\wasm3\source\m3_module.c">
      <Filter>源文件\MouseFx</Filter>
    </ClCompile>
    <ClCompile Include="WasmRuntimeBridge\third_party\wasm3\source\m3_parse.c">
      <Filter>源文件\MouseFx</Filter>
    </ClCompile>
  </ItemGroup>
  <ItemGroup>
    <None Include="WebUI\index.html">
      <Filter>资源文件</Filter>
    </None>
    <None Include="WebUI\app.js">
      <Filter>资源文件</Filter>
    </None>
    <None Include="WebUI\styles.css">
      <Filter>资源文件</Filter>
    </None>
  </ItemGroup>
  <ItemGroup>
    <ClCompile Include="MouseFx\Renderers\Hold\HoldRendererLinkage.cpp">
      <Filter>源文件\MouseFx</Filter>
    </ClCompile>
    <ClCompile Include="Platform\windows\Renderers\Hold\Win32HoldRendererLinkage.cpp">
      <Filter>源文件\Platform</Filter>
    </ClCompile>
  </ItemGroup>
  <ItemGroup>
    <ResourceCompile Include="MFCMouseEffect.rc">
      <Filter>资源文件</Filter>
    </ResourceCompile>
  </ItemGroup>
  <ItemGroup>
    <Image Include="res\file_view.ico">
      <Filter>资源文件</Filter>
    </Image>
    <Image Include="res\file_view_hc.ico">
      <Filter>资源文件</Filter>
    </Image>
    <Image Include="res\class_view.ico">
      <Filter>资源文件</Filter>
    </Image>
    <Image Include="res\class_view_hc.ico">
      <Filter>资源文件</Filter>
    </Image>
    <Image Include="res\fileview.bmp">
      <Filter>资源文件</Filter>
    </Image>
    <Image Include="res\fileview_hc.bmp">
      <Filter>资源文件</Filter>
    </Image>
    <Image Include="res\classview.bmp">
      <Filter>资源文件</Filter>
    </Image>
    <Image Include="res\classview_hc.bmp">
      <Filter>资源文件</Filter>
    </Image>
    <Image Include="res\explorer.bmp">
      <Filter>资源文件</Filter>
    </Image>
    <Image Include="res\explorer_hc.bmp">
      <Filter>资源文件</Filter>
    </Image>
    <Image Include="res\sort.bmp">
      <Filter>资源文件</Filter>
    </Image>
    <Image Include="res\sort_hc.bmp">
      <Filter>资源文件</Filter>
    </Image>
    <Image Include="res\menuimages.bmp">
      <Filter>资源文件</Filter>
    </Image>
    <Image Include="res\menuimages_hc.bmp">
      <Filter>资源文件</Filter>
    </Image>
    <Image Include="res\output_wnd.ico">
      <Filter>资源文件</Filter>
    </Image>
    <Image Include="res\output_wnd_hc.ico">
      <Filter>资源文件</Filter>
    </Image>
    <Image Include="res\properties_wnd.ico">
      <Filter>资源文件</Filter>
    </Image>
    <Image Include="res\properties_wnd_hc.ico">
      <Filter>资源文件</Filter>
    </Image>
    <Image Include="res\properties.bmp">
      <Filter>资源文件</Filter>
    </Image>
    <Image Include="res\properties_hc.bmp">
      <Filter>资源文件</Filter>
    </Image>
    <Image Include="res\userimages.bmp">
      <Filter>资源文件</Filter>
    </Image>
    <Image Include="res\MFCMouseEffectDoc.ico">
      <Filter>资源文件</Filter>
    </Image>
    <Image Include="res\MFCMouseEffect.ico">
      <Filter>资源文件</Filter>
    </Image>
    <Image Include="res\Toolbar.bmp">
      <Filter>资源文件</Filter>
    </Image>
    <Image Include="res\Toolbar256.bmp">
      <Filter>资源文件</Filter>
    </Image>
  </ItemGroup>
  <ItemGroup>
    <None Include="res\MFCMouseEffect.rc2">
      <Filter>资源文件</Filter>
    </None>
  </ItemGroup>
</Project>
